// !$*UTF8*$!
{
	archiveVersion = 1;
	classes = {
	};
	objectVersion = 48;
	objects = {

/* Begin PBXBuildFile section */
		D51B74B11F9CA9FB00223477 /* Ubud.framework in Frameworks */ = {isa = PBXBuildFile; fileRef = D51B74A71F9CA9FB00223477 /* Ubud.framework */; };
		D51B74B61F9CA9FB00223477 /* UbudTests.swift in Sources */ = {isa = PBXBuildFile; fileRef = D51B74B51F9CA9FB00223477 /* UbudTests.swift */; };
		D59C660D1F9CCBC600C37F51 /* UbudController.swift in Sources */ = {isa = PBXBuildFile; fileRef = D59C660C1F9CCBC600C37F51 /* UbudController.swift */; };
		D59C66151F9CF7D400C37F51 /* UbudCollectionFlowLayout.swift in Sources */ = {isa = PBXBuildFile; fileRef = D59C66141F9CF7D400C37F51 /* UbudCollectionFlowLayout.swift */; };
		D59C66171F9CF90400C37F51 /* UbudCollectionPhotoCell.swift in Sources */ = {isa = PBXBuildFile; fileRef = D59C66161F9CF90400C37F51 /* UbudCollectionPhotoCell.swift */; };
		D5B9D20A1FD3F0DA0061675A /* UbudControllerDelegate.swift in Sources */ = {isa = PBXBuildFile; fileRef = D5B9D2091FD3F0DA0061675A /* UbudControllerDelegate.swift */; };
		D5B9D20C1FD3F0E60061675A /* UbudControllerDataSource.swift in Sources */ = {isa = PBXBuildFile; fileRef = D5B9D20B1FD3F0E60061675A /* UbudControllerDataSource.swift */; };
		D5B9D20F1FD418060061675A /* UbudTopContainerView.swift in Sources */ = {isa = PBXBuildFile; fileRef = D5B9D20E1FD418060061675A /* UbudTopContainerView.swift */; };
		D5DC08411F9ECA2600E2C6AD /* UbudPresentationController.swift in Sources */ = {isa = PBXBuildFile; fileRef = D5DC08401F9ECA2600E2C6AD /* UbudPresentationController.swift */; };
		D5DC08431F9ECBDE00E2C6AD /* UbudTransitionAnimator.swift in Sources */ = {isa = PBXBuildFile; fileRef = D5DC08421F9ECBDE00E2C6AD /* UbudTransitionAnimator.swift */; };
		D5F663901FA21957003A9FC0 /* UIImageView+Downloader.swift in Sources */ = {isa = PBXBuildFile; fileRef = D5F6638F1FA21957003A9FC0 /* UIImageView+Downloader.swift */; };
/* End PBXBuildFile section */

/* Begin PBXContainerItemProxy section */
		D51B74B21F9CA9FB00223477 /* PBXContainerItemProxy */ = {
			isa = PBXContainerItemProxy;
			containerPortal = D51B749E1F9CA9FB00223477 /* Project object */;
			proxyType = 1;
			remoteGlobalIDString = D51B74A61F9CA9FB00223477;
			remoteInfo = Ubud;
		};
/* End PBXContainerItemProxy section */

/* Begin PBXFileReference section */
		D51B74A71F9CA9FB00223477 /* Ubud.framework */ = {isa = PBXFileReference; explicitFileType = wrapper.framework; includeInIndex = 0; path = Ubud.framework; sourceTree = BUILT_PRODUCTS_DIR; };
		D51B74AB1F9CA9FB00223477 /* Info.plist */ = {isa = PBXFileReference; lastKnownFileType = text.plist.xml; path = Info.plist; sourceTree = "<group>"; };
		D51B74B01F9CA9FB00223477 /* UbudTests.xctest */ = {isa = PBXFileReference; explicitFileType = wrapper.cfbundle; includeInIndex = 0; path = UbudTests.xctest; sourceTree = BUILT_PRODUCTS_DIR; };
		D51B74B51F9CA9FB00223477 /* UbudTests.swift */ = {isa = PBXFileReference; lastKnownFileType = sourcecode.swift; path = UbudTests.swift; sourceTree = "<group>"; };
		D51B74B71F9CA9FB00223477 /* Info.plist */ = {isa = PBXFileReference; lastKnownFileType = text.plist.xml; path = Info.plist; sourceTree = "<group>"; };
		D59C660C1F9CCBC600C37F51 /* UbudController.swift */ = {isa = PBXFileReference; lastKnownFileType = sourcecode.swift; path = UbudController.swift; sourceTree = "<group>"; };
		D59C66141F9CF7D400C37F51 /* UbudCollectionFlowLayout.swift */ = {isa = PBXFileReference; lastKnownFileType = sourcecode.swift; path = UbudCollectionFlowLayout.swift; sourceTree = "<group>"; };
		D59C66161F9CF90400C37F51 /* UbudCollectionPhotoCell.swift */ = {isa = PBXFileReference; lastKnownFileType = sourcecode.swift; path = UbudCollectionPhotoCell.swift; sourceTree = "<group>"; };
		D5B9D2091FD3F0DA0061675A /* UbudControllerDelegate.swift */ = {isa = PBXFileReference; lastKnownFileType = sourcecode.swift; path = UbudControllerDelegate.swift; sourceTree = "<group>"; };
		D5B9D20B1FD3F0E60061675A /* UbudControllerDataSource.swift */ = {isa = PBXFileReference; lastKnownFileType = sourcecode.swift; path = UbudControllerDataSource.swift; sourceTree = "<group>"; };
		D5B9D20E1FD418060061675A /* UbudTopContainerView.swift */ = {isa = PBXFileReference; lastKnownFileType = sourcecode.swift; path = UbudTopContainerView.swift; sourceTree = "<group>"; };
		D5DC08401F9ECA2600E2C6AD /* UbudPresentationController.swift */ = {isa = PBXFileReference; lastKnownFileType = sourcecode.swift; path = UbudPresentationController.swift; sourceTree = "<group>"; };
		D5DC08421F9ECBDE00E2C6AD /* UbudTransitionAnimator.swift */ = {isa = PBXFileReference; lastKnownFileType = sourcecode.swift; path = UbudTransitionAnimator.swift; sourceTree = "<group>"; };
		D5F6638F1FA21957003A9FC0 /* UIImageView+Downloader.swift */ = {isa = PBXFileReference; fileEncoding = 4; lastKnownFileType = sourcecode.swift; name = "UIImageView+Downloader.swift"; path = "Ubud/Source/Extensions/UIImageView+Downloader.swift"; sourceTree = SOURCE_ROOT; };
/* End PBXFileReference section */

/* Begin PBXFrameworksBuildPhase section */
		D51B74A31F9CA9FB00223477 /* Frameworks */ = {
			isa = PBXFrameworksBuildPhase;
			buildActionMask = 2147483647;
			files = (
			);
			runOnlyForDeploymentPostprocessing = 0;
		};
		D51B74AD1F9CA9FB00223477 /* Frameworks */ = {
			isa = PBXFrameworksBuildPhase;
			buildActionMask = 2147483647;
			files = (
				D51B74B11F9CA9FB00223477 /* Ubud.framework in Frameworks */,
			);
			runOnlyForDeploymentPostprocessing = 0;
		};
/* End PBXFrameworksBuildPhase section */

/* Begin PBXGroup section */
		D51B749D1F9CA9FB00223477 = {
			isa = PBXGroup;
			children = (
				D51B74A91F9CA9FB00223477 /* Ubud */,
				D51B74B41F9CA9FB00223477 /* UbudTests */,
				D51B74A81F9CA9FB00223477 /* Products */,
			);
			sourceTree = "<group>";
		};
		D51B74A81F9CA9FB00223477 /* Products */ = {
			isa = PBXGroup;
			children = (
				D51B74A71F9CA9FB00223477 /* Ubud.framework */,
				D51B74B01F9CA9FB00223477 /* UbudTests.xctest */,
			);
			name = Products;
			sourceTree = "<group>";
		};
		D51B74A91F9CA9FB00223477 /* Ubud */ = {
			isa = PBXGroup;
			children = (
				D59C660B1F9CCBB400C37F51 /* Source */,
				D51B74AB1F9CA9FB00223477 /* Info.plist */,
			);
			path = Ubud;
			sourceTree = "<group>";
		};
		D51B74B41F9CA9FB00223477 /* UbudTests */ = {
			isa = PBXGroup;
			children = (
				D51B74B51F9CA9FB00223477 /* UbudTests.swift */,
				D51B74B71F9CA9FB00223477 /* Info.plist */,
			);
			path = UbudTests;
			sourceTree = "<group>";
		};
		D59C660B1F9CCBB400C37F51 /* Source */ = {
			isa = PBXGroup;
			children = (
				D5F6638E1FA2194A003A9FC0 /* Extensions */,
				D5DC08441F9ECD2000E2C6AD /* Animator */,
				D5B9D2061FD3F0A90061675A /* Protocols */,
				D5B9D20D1FD417DB0061675A /* Views */,
				D59C660C1F9CCBC600C37F51 /* UbudController.swift */,
				D59C66141F9CF7D400C37F51 /* UbudCollectionFlowLayout.swift */,
			);
			path = Source;
			sourceTree = "<group>";
		};
		D5B9D2061FD3F0A90061675A /* Protocols */ = {
			isa = PBXGroup;
			children = (
				D5B9D2091FD3F0DA0061675A /* UbudControllerDelegate.swift */,
				D5B9D20B1FD3F0E60061675A /* UbudControllerDataSource.swift */,
			);
			path = Protocols;
			sourceTree = "<group>";
		};
		D5B9D20D1FD417DB0061675A /* Views */ = {
			isa = PBXGroup;
			children = (
				D5B9D20E1FD418060061675A /* UbudTopContainerView.swift */,
				D59C66161F9CF90400C37F51 /* UbudCollectionPhotoCell.swift */,
			);
			path = Views;
			sourceTree = "<group>";
		};
		D5DC08441F9ECD2000E2C6AD /* Animator */ = {
			isa = PBXGroup;
			children = (
				D5DC08421F9ECBDE00E2C6AD /* UbudTransitionAnimator.swift */,
				D5DC08401F9ECA2600E2C6AD /* UbudPresentationController.swift */,
			);
			path = Animator;
			sourceTree = "<group>";
		};
		D5F6638E1FA2194A003A9FC0 /* Extensions */ = {
			isa = PBXGroup;
			children = (
				D5F6638F1FA21957003A9FC0 /* UIImageView+Downloader.swift */,
			);
			name = Extensions;
			path = "New Group";
			sourceTree = "<group>";
		};
/* End PBXGroup section */

/* Begin PBXHeadersBuildPhase section */
		D51B74A41F9CA9FB00223477 /* Headers */ = {
			isa = PBXHeadersBuildPhase;
			buildActionMask = 2147483647;
			files = (
			);
			runOnlyForDeploymentPostprocessing = 0;
		};
/* End PBXHeadersBuildPhase section */

/* Begin PBXNativeTarget section */
		D51B74A61F9CA9FB00223477 /* Ubud */ = {
			isa = PBXNativeTarget;
			buildConfigurationList = D51B74BB1F9CA9FB00223477 /* Build configuration list for PBXNativeTarget "Ubud" */;
			buildPhases = (
				D51B74A21F9CA9FB00223477 /* Sources */,
				D51B74A31F9CA9FB00223477 /* Frameworks */,
				D51B74A41F9CA9FB00223477 /* Headers */,
				D51B74A51F9CA9FB00223477 /* Resources */,
				D51B74C11F9CAD1100223477 /* ShellScript */,
			);
			buildRules = (
			);
			dependencies = (
			);
			name = Ubud;
			productName = Ubud;
			productReference = D51B74A71F9CA9FB00223477 /* Ubud.framework */;
			productType = "com.apple.product-type.framework";
		};
		D51B74AF1F9CA9FB00223477 /* UbudTests */ = {
			isa = PBXNativeTarget;
			buildConfigurationList = D51B74BE1F9CA9FB00223477 /* Build configuration list for PBXNativeTarget "UbudTests" */;
			buildPhases = (
				D51B74AC1F9CA9FB00223477 /* Sources */,
				D51B74AD1F9CA9FB00223477 /* Frameworks */,
				D51B74AE1F9CA9FB00223477 /* Resources */,
			);
			buildRules = (
			);
			dependencies = (
				D51B74B31F9CA9FB00223477 /* PBXTargetDependency */,
			);
			name = UbudTests;
			productName = UbudTests;
			productReference = D51B74B01F9CA9FB00223477 /* UbudTests.xctest */;
			productType = "com.apple.product-type.bundle.unit-test";
		};
/* End PBXNativeTarget section */

/* Begin PBXProject section */
		D51B749E1F9CA9FB00223477 /* Project object */ = {
			isa = PBXProject;
			attributes = {
				LastSwiftUpdateCheck = 0900;
				LastUpgradeCheck = 0900;
				ORGANIZATIONNAME = "Luqman Fauzi";
				TargetAttributes = {
					D51B74A61F9CA9FB00223477 = {
						CreatedOnToolsVersion = 9.0;
						LastSwiftMigration = 0900;
						ProvisioningStyle = Manual;
					};
					D51B74AF1F9CA9FB00223477 = {
						CreatedOnToolsVersion = 9.0;
						ProvisioningStyle = Automatic;
					};
				};
			};
			buildConfigurationList = D51B74A11F9CA9FB00223477 /* Build configuration list for PBXProject "Ubud" */;
			compatibilityVersion = "Xcode 8.0";
			developmentRegion = en;
			hasScannedForEncodings = 0;
			knownRegions = (
				en,
			);
			mainGroup = D51B749D1F9CA9FB00223477;
			productRefGroup = D51B74A81F9CA9FB00223477 /* Products */;
			projectDirPath = "";
			projectRoot = "";
			targets = (
				D51B74A61F9CA9FB00223477 /* Ubud */,
				D51B74AF1F9CA9FB00223477 /* UbudTests */,
			);
		};
/* End PBXProject section */

/* Begin PBXResourcesBuildPhase section */
		D51B74A51F9CA9FB00223477 /* Resources */ = {
			isa = PBXResourcesBuildPhase;
			buildActionMask = 2147483647;
			files = (
			);
			runOnlyForDeploymentPostprocessing = 0;
		};
		D51B74AE1F9CA9FB00223477 /* Resources */ = {
			isa = PBXResourcesBuildPhase;
			buildActionMask = 2147483647;
			files = (
			);
			runOnlyForDeploymentPostprocessing = 0;
		};
/* End PBXResourcesBuildPhase section */

/* Begin PBXShellScriptBuildPhase section */
		D51B74C11F9CAD1100223477 /* ShellScript */ = {
			isa = PBXShellScriptBuildPhase;
			buildActionMask = 2147483647;
			files = (
			);
			inputPaths = (
			);
			outputPaths = (
			);
			runOnlyForDeploymentPostprocessing = 0;
			shellPath = /bin/sh;
			shellScript = "if which swiftlint >/dev/null; then\n  swiftlint\nelse\n  echo \"warning: SwiftLint not installed, download from https://github.com/realm/SwiftLint\"\nfi";
		};
/* End PBXShellScriptBuildPhase section */

/* Begin PBXSourcesBuildPhase section */
		D51B74A21F9CA9FB00223477 /* Sources */ = {
			isa = PBXSourcesBuildPhase;
			buildActionMask = 2147483647;
			files = (
				D59C66171F9CF90400C37F51 /* UbudCollectionPhotoCell.swift in Sources */,
				D5DC08411F9ECA2600E2C6AD /* UbudPresentationController.swift in Sources */,
				D59C660D1F9CCBC600C37F51 /* UbudController.swift in Sources */,
				D5B9D20F1FD418060061675A /* UbudTopContainerView.swift in Sources */,
				D5DC08431F9ECBDE00E2C6AD /* UbudTransitionAnimator.swift in Sources */,
				D5B9D20C1FD3F0E60061675A /* UbudControllerDataSource.swift in Sources */,
				D5F663901FA21957003A9FC0 /* UIImageView+Downloader.swift in Sources */,
				D5B9D20A1FD3F0DA0061675A /* UbudControllerDelegate.swift in Sources */,
				D59C66151F9CF7D400C37F51 /* UbudCollectionFlowLayout.swift in Sources */,
			);
			runOnlyForDeploymentPostprocessing = 0;
		};
		D51B74AC1F9CA9FB00223477 /* Sources */ = {
			isa = PBXSourcesBuildPhase;
			buildActionMask = 2147483647;
			files = (
				D51B74B61F9CA9FB00223477 /* UbudTests.swift in Sources */,
			);
			runOnlyForDeploymentPostprocessing = 0;
		};
/* End PBXSourcesBuildPhase section */

/* Begin PBXTargetDependency section */
		D51B74B31F9CA9FB00223477 /* PBXTargetDependency */ = {
			isa = PBXTargetDependency;
			target = D51B74A61F9CA9FB00223477 /* Ubud */;
			targetProxy = D51B74B21F9CA9FB00223477 /* PBXContainerItemProxy */;
		};
/* End PBXTargetDependency section */

/* Begin XCBuildConfiguration section */
		D51B74B91F9CA9FB00223477 /* Debug */ = {
			isa = XCBuildConfiguration;
			buildSettings = {
				ALWAYS_SEARCH_USER_PATHS = NO;
				CLANG_ANALYZER_NONNULL = YES;
				CLANG_ANALYZER_NUMBER_OBJECT_CONVERSION = YES_AGGRESSIVE;
				CLANG_CXX_LANGUAGE_STANDARD = "gnu++14";
				CLANG_CXX_LIBRARY = "libc++";
				CLANG_ENABLE_MODULES = YES;
				CLANG_ENABLE_OBJC_ARC = YES;
				CLANG_WARN_BLOCK_CAPTURE_AUTORELEASING = YES;
				CLANG_WARN_BOOL_CONVERSION = YES;
				CLANG_WARN_COMMA = YES;
				CLANG_WARN_CONSTANT_CONVERSION = YES;
				CLANG_WARN_DIRECT_OBJC_ISA_USAGE = YES_ERROR;
				CLANG_WARN_DOCUMENTATION_COMMENTS = YES;
				CLANG_WARN_EMPTY_BODY = YES;
				CLANG_WARN_ENUM_CONVERSION = YES;
				CLANG_WARN_INFINITE_RECURSION = YES;
				CLANG_WARN_INT_CONVERSION = YES;
				CLANG_WARN_NON_LITERAL_NULL_CONVERSION = YES;
				CLANG_WARN_OBJC_LITERAL_CONVERSION = YES;
				CLANG_WARN_OBJC_ROOT_CLASS = YES_ERROR;
				CLANG_WARN_RANGE_LOOP_ANALYSIS = YES;
				CLANG_WARN_STRICT_PROTOTYPES = YES;
				CLANG_WARN_SUSPICIOUS_MOVE = YES;
				CLANG_WARN_UNGUARDED_AVAILABILITY = YES_AGGRESSIVE;
				CLANG_WARN_UNREACHABLE_CODE = YES;
				CLANG_WARN__DUPLICATE_METHOD_MATCH = YES;
				CODE_SIGN_IDENTITY = "iPhone Developer";
				COPY_PHASE_STRIP = NO;
				CURRENT_PROJECT_VERSION = 1;
				DEBUG_INFORMATION_FORMAT = dwarf;
				ENABLE_STRICT_OBJC_MSGSEND = YES;
				ENABLE_TESTABILITY = YES;
				GCC_C_LANGUAGE_STANDARD = gnu11;
				GCC_DYNAMIC_NO_PIC = NO;
				GCC_NO_COMMON_BLOCKS = YES;
				GCC_OPTIMIZATION_LEVEL = 0;
				GCC_PREPROCESSOR_DEFINITIONS = (
					"DEBUG=1",
					"$(inherited)",
				);
				GCC_WARN_64_TO_32_BIT_CONVERSION = YES;
				GCC_WARN_ABOUT_RETURN_TYPE = YES_ERROR;
				GCC_WARN_UNDECLARED_SELECTOR = YES;
				GCC_WARN_UNINITIALIZED_AUTOS = YES_AGGRESSIVE;
				GCC_WARN_UNUSED_FUNCTION = YES;
				GCC_WARN_UNUSED_VARIABLE = YES;
				IPHONEOS_DEPLOYMENT_TARGET = 10.0;
				MTL_ENABLE_DEBUG_INFO = YES;
				ONLY_ACTIVE_ARCH = YES;
				SDKROOT = iphoneos;
				SWIFT_ACTIVE_COMPILATION_CONDITIONS = DEBUG;
				SWIFT_INSTALL_OBJC_HEADER = NO;
				SWIFT_OBJC_INTERFACE_HEADER_NAME = "$(SWIFT_MODULE_NAME).h";
				SWIFT_OPTIMIZATION_LEVEL = "-Onone";
				SWIFT_PRECOMPILE_BRIDGING_HEADER = NO;
				SWIFT_VERSION = 4.0;
				VERSIONING_SYSTEM = "apple-generic";
				VERSION_INFO_PREFIX = "";
			};
			name = Debug;
		};
		D51B74BA1F9CA9FB00223477 /* Release */ = {
			isa = XCBuildConfiguration;
			buildSettings = {
				ALWAYS_SEARCH_USER_PATHS = NO;
				CLANG_ANALYZER_NONNULL = YES;
				CLANG_ANALYZER_NUMBER_OBJECT_CONVERSION = YES_AGGRESSIVE;
				CLANG_CXX_LANGUAGE_STANDARD = "gnu++14";
				CLANG_CXX_LIBRARY = "libc++";
				CLANG_ENABLE_MODULES = YES;
				CLANG_ENABLE_OBJC_ARC = YES;
				CLANG_WARN_BLOCK_CAPTURE_AUTORELEASING = YES;
				CLANG_WARN_BOOL_CONVERSION = YES;
				CLANG_WARN_COMMA = YES;
				CLANG_WARN_CONSTANT_CONVERSION = YES;
				CLANG_WARN_DIRECT_OBJC_ISA_USAGE = YES_ERROR;
				CLANG_WARN_DOCUMENTATION_COMMENTS = YES;
				CLANG_WARN_EMPTY_BODY = YES;
				CLANG_WARN_ENUM_CONVERSION = YES;
				CLANG_WARN_INFINITE_RECURSION = YES;
				CLANG_WARN_INT_CONVERSION = YES;
				CLANG_WARN_NON_LITERAL_NULL_CONVERSION = YES;
				CLANG_WARN_OBJC_LITERAL_CONVERSION = YES;
				CLANG_WARN_OBJC_ROOT_CLASS = YES_ERROR;
				CLANG_WARN_RANGE_LOOP_ANALYSIS = YES;
				CLANG_WARN_STRICT_PROTOTYPES = YES;
				CLANG_WARN_SUSPICIOUS_MOVE = YES;
				CLANG_WARN_UNGUARDED_AVAILABILITY = YES_AGGRESSIVE;
				CLANG_WARN_UNREACHABLE_CODE = YES;
				CLANG_WARN__DUPLICATE_METHOD_MATCH = YES;
				CODE_SIGN_IDENTITY = "iPhone Developer";
				COPY_PHASE_STRIP = NO;
				CURRENT_PROJECT_VERSION = 1;
				DEBUG_INFORMATION_FORMAT = "dwarf-with-dsym";
				ENABLE_NS_ASSERTIONS = NO;
				ENABLE_STRICT_OBJC_MSGSEND = YES;
				GCC_C_LANGUAGE_STANDARD = gnu11;
				GCC_NO_COMMON_BLOCKS = YES;
				GCC_WARN_64_TO_32_BIT_CONVERSION = YES;
				GCC_WARN_ABOUT_RETURN_TYPE = YES_ERROR;
				GCC_WARN_UNDECLARED_SELECTOR = YES;
				GCC_WARN_UNINITIALIZED_AUTOS = YES_AGGRESSIVE;
				GCC_WARN_UNUSED_FUNCTION = YES;
				GCC_WARN_UNUSED_VARIABLE = YES;
				IPHONEOS_DEPLOYMENT_TARGET = 10.0;
				MTL_ENABLE_DEBUG_INFO = NO;
				SDKROOT = iphoneos;
				SWIFT_INSTALL_OBJC_HEADER = NO;
				SWIFT_OBJC_INTERFACE_HEADER_NAME = "$(SWIFT_MODULE_NAME).h";
				SWIFT_OPTIMIZATION_LEVEL = "-Owholemodule";
				SWIFT_PRECOMPILE_BRIDGING_HEADER = NO;
				SWIFT_VERSION = 4.0;
				VALIDATE_PRODUCT = YES;
				VERSIONING_SYSTEM = "apple-generic";
				VERSION_INFO_PREFIX = "";
			};
			name = Release;
		};
		D51B74BC1F9CA9FB00223477 /* Debug */ = {
			isa = XCBuildConfiguration;
			buildSettings = {
				CLANG_ENABLE_MODULES = YES;
				CODE_SIGN_IDENTITY = "";
				CODE_SIGN_STYLE = Manual;
				DEFINES_MODULE = YES;
				DEVELOPMENT_TEAM = "";
				DYLIB_COMPATIBILITY_VERSION = 1;
				DYLIB_CURRENT_VERSION = 1;
				DYLIB_INSTALL_NAME_BASE = "@rpath";
				FRAMEWORK_SEARCH_PATHS = "$(inherited)";
				INFOPLIST_FILE = Ubud/Info.plist;
				INSTALL_PATH = "$(LOCAL_LIBRARY_DIR)/Frameworks";
				LD_RUNPATH_SEARCH_PATHS = "$(inherited) @executable_path/Frameworks @loader_path/Frameworks";
				PRODUCT_BUNDLE_IDENTIFIER = me.luqmanfauzi.Ubud.Ubud;
				PRODUCT_NAME = "$(TARGET_NAME:c99extidentifier)";
				PROVISIONING_PROFILE_SPECIFIER = "";
				SKIP_INSTALL = YES;
				SWIFT_INSTALL_OBJC_HEADER = YES;
				SWIFT_OPTIMIZATION_LEVEL = "-Onone";
				SWIFT_PRECOMPILE_BRIDGING_HEADER = YES;
				SWIFT_VERSION = 4.0;
				TARGETED_DEVICE_FAMILY = "1,2";
			};
			name = Debug;
		};
		D51B74BD1F9CA9FB00223477 /* Release */ = {
			isa = XCBuildConfiguration;
			buildSettings = {
				CLANG_ENABLE_MODULES = YES;
				CODE_SIGN_IDENTITY = "";
				CODE_SIGN_STYLE = Manual;
				DEFINES_MODULE = YES;
				DEVELOPMENT_TEAM = "";
				DYLIB_COMPATIBILITY_VERSION = 1;
				DYLIB_CURRENT_VERSION = 1;
				DYLIB_INSTALL_NAME_BASE = "@rpath";
				FRAMEWORK_SEARCH_PATHS = "$(inherited)";
				INFOPLIST_FILE = Ubud/Info.plist;
				INSTALL_PATH = "$(LOCAL_LIBRARY_DIR)/Frameworks";
				LD_RUNPATH_SEARCH_PATHS = "$(inherited) @executable_path/Frameworks @loader_path/Frameworks";
				PRODUCT_BUNDLE_IDENTIFIER = me.luqmanfauzi.Ubud.Ubud;
				PRODUCT_NAME = "$(TARGET_NAME:c99extidentifier)";
				PROVISIONING_PROFILE_SPECIFIER = "";
				SKIP_INSTALL = YES;
				SWIFT_INSTALL_OBJC_HEADER = YES;
				SWIFT_PRECOMPILE_BRIDGING_HEADER = YES;
				SWIFT_VERSION = 4.0;
				TARGETED_DEVICE_FAMILY = "1,2";
			};
			name = Release;
		};
		D51B74BF1F9CA9FB00223477 /* Debug */ = {
			isa = XCBuildConfiguration;
			buildSettings = {
				ALWAYS_EMBED_SWIFT_STANDARD_LIBRARIES = YES;
				CODE_SIGN_STYLE = Automatic;
				DEVELOPMENT_TEAM = R2XF3NYPAG;
				INFOPLIST_FILE = UbudTests/Info.plist;
				LD_RUNPATH_SEARCH_PATHS = "$(inherited) @executable_path/Frameworks @loader_path/Frameworks";
				PRODUCT_BUNDLE_IDENTIFIER = me.luqmanfauzi.Ubud.UbudTests;
				PRODUCT_NAME = "$(TARGET_NAME)";
				SWIFT_VERSION = 4.0;
				TARGETED_DEVICE_FAMILY = "1,2";
			};
			name = Debug;
		};
		D51B74C01F9CA9FB00223477 /* Release */ = {
			isa = XCBuildConfiguration;
			buildSettings = {
				ALWAYS_EMBED_SWIFT_STANDARD_LIBRARIES = YES;
				CODE_SIGN_STYLE = Automatic;
				DEVELOPMENT_TEAM = R2XF3NYPAG;
				INFOPLIST_FILE = UbudTests/Info.plist;
				LD_RUNPATH_SEARCH_PATHS = "$(inherited) @executable_path/Frameworks @loader_path/Frameworks";
				PRODUCT_BUNDLE_IDENTIFIER = me.luqmanfauzi.Ubud.UbudTests;
				PRODUCT_NAME = "$(TARGET_NAME)";
				SWIFT_VERSION = 4.0;
				TARGETED_DEVICE_FAMILY = "1,2";
			};
			name = Release;
		};
/* End XCBuildConfiguration section */

/* Begin XCConfigurationList section */
		D51B74A11F9CA9FB00223477 /* Build configuration list for PBXProject "Ubud" */ = {
			isa = XCConfigurationList;
			buildConfigurations = (
				D51B74B91F9CA9FB00223477 /* Debug */,
				D51B74BA1F9CA9FB00223477 /* Release */,
			);
			defaultConfigurationIsVisible = 0;
			defaultConfigurationName = Release;
		};
		D51B74BB1F9CA9FB00223477 /* Build configuration list for PBXNativeTarget "Ubud" */ = {
			isa = XCConfigurationList;
			buildConfigurations = (
				D51B74BC1F9CA9FB00223477 /* Debug */,
				D51B74BD1F9CA9FB00223477 /* Release */,
			);
			defaultConfigurationIsVisible = 0;
			defaultConfigurationName = Release;
		};
		D51B74BE1F9CA9FB00223477 /* Build configuration list for PBXNativeTarget "UbudTests" */ = {
			isa = XCConfigurationList;
			buildConfigurations = (
				D51B74BF1F9CA9FB00223477 /* Debug */,
				D51B74C01F9CA9FB00223477 /* Release */,
			);
			defaultConfigurationIsVisible = 0;
			defaultConfigurationName = Release;
		};
/* End XCConfigurationList section */
	};
	rootObject = D51B749E1F9CA9FB00223477 /* Project object */;
}
