// !$*UTF8*$!
{
	archiveVersion = 1;
	classes = {
	};
	objectVersion = 48;
	objects = {

/* Begin PBXBuildFile section */
		D51B750C1F9CB6D900223477 /* AppDelegate.swift in Sources */ = {isa = PBXBuildFile; fileRef = D51B750B1F9CB6D900223477 /* AppDelegate.swift */; };
		D51B75131F9CB6D900223477 /* Assets.xcassets in Resources */ = {isa = PBXBuildFile; fileRef = D51B75121F9CB6D900223477 /* Assets.xcassets */; };
		D51B75161F9CB6D900223477 /* LaunchScreen.storyboard in Resources */ = {isa = PBXBuildFile; fileRef = D51B75141F9CB6D900223477 /* LaunchScreen.storyboard */; };
		D51B75211F9CB6DA00223477 /* UbudExampleTests.swift in Sources */ = {isa = PBXBuildFile; fileRef = D51B75201F9CB6DA00223477 /* UbudExampleTests.swift */; };
		D557BAD71F9D7A120006E5F9 /* GalleryImagesViewController.swift in Sources */ = {isa = PBXBuildFile; fileRef = D557BAD61F9D7A120006E5F9 /* GalleryImagesViewController.swift */; };
		D557BADB1F9D7A7C0006E5F9 /* GalleryCell.swift in Sources */ = {isa = PBXBuildFile; fileRef = D557BAD91F9D7A7C0006E5F9 /* GalleryCell.swift */; };
		D557BADC1F9D7A7C0006E5F9 /* GalleryCell.xib in Resources */ = {isa = PBXBuildFile; fileRef = D557BADA1F9D7A7C0006E5F9 /* GalleryCell.xib */; };
		D575D4FA1F9CB949004E0894 /* Ubud.framework in Frameworks */ = {isa = PBXBuildFile; fileRef = D575D4F91F9CB949004E0894 /* Ubud.framework */; };
		D575D4FB1F9CB949004E0894 /* Ubud.framework in Embed Frameworks */ = {isa = PBXBuildFile; fileRef = D575D4F91F9CB949004E0894 /* Ubud.framework */; settings = {ATTRIBUTES = (CodeSignOnCopy, RemoveHeadersOnCopy, ); }; };
		D575D5041F9CBC55004E0894 /* ExampleViewController.swift in Sources */ = {isa = PBXBuildFile; fileRef = D575D5031F9CBC54004E0894 /* ExampleViewController.swift */; };
/* End PBXBuildFile section */

/* Begin PBXContainerItemProxy section */
		D51B751D1F9CB6DA00223477 /* PBXContainerItemProxy */ = {
			isa = PBXContainerItemProxy;
			containerPortal = D51B75001F9CB6D900223477 /* Project object */;
			proxyType = 1;
			remoteGlobalIDString = D51B75071F9CB6D900223477;
			remoteInfo = "Ubud-Example";
		};
/* End PBXContainerItemProxy section */

/* Begin PBXCopyFilesBuildPhase section */
		D575D4EF1F9CB8F4004E0894 /* Embed Frameworks */ = {
			isa = PBXCopyFilesBuildPhase;
			buildActionMask = 2147483647;
			dstPath = "";
			dstSubfolderSpec = 10;
			files = (
				D575D4FB1F9CB949004E0894 /* Ubud.framework in Embed Frameworks */,
			);
			name = "Embed Frameworks";
			runOnlyForDeploymentPostprocessing = 0;
		};
/* End PBXCopyFilesBuildPhase section */

/* Begin PBXFileReference section */
		D51B75081F9CB6D900223477 /* Ubud-Example.app */ = {isa = PBXFileReference; explicitFileType = wrapper.application; includeInIndex = 0; path = "Ubud-Example.app"; sourceTree = BUILT_PRODUCTS_DIR; };
		D51B750B1F9CB6D900223477 /* AppDelegate.swift */ = {isa = PBXFileReference; lastKnownFileType = sourcecode.swift; path = AppDelegate.swift; sourceTree = "<group>"; };
		D51B75121F9CB6D900223477 /* Assets.xcassets */ = {isa = PBXFileReference; lastKnownFileType = folder.assetcatalog; path = Assets.xcassets; sourceTree = "<group>"; };
		D51B75151F9CB6D900223477 /* Base */ = {isa = PBXFileReference; lastKnownFileType = file.storyboard; name = Base; path = Base.lproj/LaunchScreen.storyboard; sourceTree = "<group>"; };
		D51B75171F9CB6D900223477 /* Info.plist */ = {isa = PBXFileReference; lastKnownFileType = text.plist.xml; path = Info.plist; sourceTree = "<group>"; };
		D51B751C1F9CB6DA00223477 /* UbudExample.xctest */ = {isa = PBXFileReference; explicitFileType = wrapper.cfbundle; includeInIndex = 0; path = UbudExample.xctest; sourceTree = BUILT_PRODUCTS_DIR; };
		D51B75201F9CB6DA00223477 /* UbudExampleTests.swift */ = {isa = PBXFileReference; lastKnownFileType = sourcecode.swift; path = UbudExampleTests.swift; sourceTree = "<group>"; };
		D51B75221F9CB6DA00223477 /* Info.plist */ = {isa = PBXFileReference; lastKnownFileType = text.plist.xml; path = Info.plist; sourceTree = "<group>"; };
		D557BAD61F9D7A120006E5F9 /* GalleryImagesViewController.swift */ = {isa = PBXFileReference; lastKnownFileType = sourcecode.swift; path = GalleryImagesViewController.swift; sourceTree = "<group>"; };
		D557BAD91F9D7A7C0006E5F9 /* GalleryCell.swift */ = {isa = PBXFileReference; lastKnownFileType = sourcecode.swift; path = GalleryCell.swift; sourceTree = "<group>"; };
		D557BADA1F9D7A7C0006E5F9 /* GalleryCell.xib */ = {isa = PBXFileReference; lastKnownFileType = file.xib; path = GalleryCell.xib; sourceTree = "<group>"; };
		D575D4F91F9CB949004E0894 /* Ubud.framework */ = {isa = PBXFileReference; explicitFileType = wrapper.framework; path = Ubud.framework; sourceTree = BUILT_PRODUCTS_DIR; };
		D575D5031F9CBC54004E0894 /* ExampleViewController.swift */ = {isa = PBXFileReference; fileEncoding = 4; lastKnownFileType = sourcecode.swift; name = ExampleViewController.swift; path = "Ubud-Example/ViewControllers/ExampleViewController.swift"; sourceTree = SOURCE_ROOT; };
/* End PBXFileReference section */

/* Begin PBXFrameworksBuildPhase section */
		D51B75051F9CB6D900223477 /* Frameworks */ = {
			isa = PBXFrameworksBuildPhase;
			buildActionMask = 2147483647;
			files = (
				D575D4FA1F9CB949004E0894 /* Ubud.framework in Frameworks */,
			);
			runOnlyForDeploymentPostprocessing = 0;
		};
		D51B75191F9CB6DA00223477 /* Frameworks */ = {
			isa = PBXFrameworksBuildPhase;
			buildActionMask = 2147483647;
			files = (
			);
			runOnlyForDeploymentPostprocessing = 0;
		};
/* End PBXFrameworksBuildPhase section */

/* Begin PBXGroup section */
		D51B74FF1F9CB6D900223477 = {
			isa = PBXGroup;
			children = (
				D51B750A1F9CB6D900223477 /* Ubud-Example */,
				D51B751F1F9CB6DA00223477 /* Ubud-ExampleTests */,
				D51B75091F9CB6D900223477 /* Products */,
				D575D4F91F9CB949004E0894 /* Ubud.framework */,
			);
			sourceTree = "<group>";
		};
		D51B75091F9CB6D900223477 /* Products */ = {
			isa = PBXGroup;
			children = (
				D51B75081F9CB6D900223477 /* Ubud-Example.app */,
				D51B751C1F9CB6DA00223477 /* UbudExample.xctest */,
			);
			name = Products;
			sourceTree = "<group>";
		};
		D51B750A1F9CB6D900223477 /* Ubud-Example */ = {
			isa = PBXGroup;
			children = (
				D575D5051F9CBD85004E0894 /* ViewControllers */,
				D557BAD81F9D7A660006E5F9 /* Views */,
				D575D5011F9CBB09004E0894 /* Resource */,
				D51B750B1F9CB6D900223477 /* AppDelegate.swift */,
			);
			path = "Ubud-Example";
			sourceTree = "<group>";
		};
		D51B751F1F9CB6DA00223477 /* Ubud-ExampleTests */ = {
			isa = PBXGroup;
			children = (
				D51B75201F9CB6DA00223477 /* UbudExampleTests.swift */,
				D51B75221F9CB6DA00223477 /* Info.plist */,
			);
			path = "Ubud-ExampleTests";
			sourceTree = "<group>";
		};
		D557BAD81F9D7A660006E5F9 /* Views */ = {
			isa = PBXGroup;
			children = (
				D557BAD91F9D7A7C0006E5F9 /* GalleryCell.swift */,
				D557BADA1F9D7A7C0006E5F9 /* GalleryCell.xib */,
			);
			path = Views;
			sourceTree = "<group>";
		};
		D575D5011F9CBB09004E0894 /* Resource */ = {
			isa = PBXGroup;
			children = (
				D51B75121F9CB6D900223477 /* Assets.xcassets */,
				D51B75141F9CB6D900223477 /* LaunchScreen.storyboard */,
				D51B75171F9CB6D900223477 /* Info.plist */,
			);
			path = Resource;
			sourceTree = "<group>";
		};
		D575D5051F9CBD85004E0894 /* ViewControllers */ = {
			isa = PBXGroup;
			children = (
				D575D5031F9CBC54004E0894 /* ExampleViewController.swift */,
				D557BAD61F9D7A120006E5F9 /* GalleryImagesViewController.swift */,
			);
			path = ViewControllers;
			sourceTree = "<group>";
		};
/* End PBXGroup section */

/* Begin PBXNativeTarget section */
		D51B75071F9CB6D900223477 /* Ubud-Example */ = {
			isa = PBXNativeTarget;
			buildConfigurationList = D51B75251F9CB6DA00223477 /* Build configuration list for PBXNativeTarget "Ubud-Example" */;
			buildPhases = (
				D51B75041F9CB6D900223477 /* Sources */,
				D51B75051F9CB6D900223477 /* Frameworks */,
				D51B75061F9CB6D900223477 /* Resources */,
				D575D4EF1F9CB8F4004E0894 /* Embed Frameworks */,
			);
			buildRules = (
			);
			dependencies = (
			);
			name = "Ubud-Example";
			productName = "Ubud-Example";
			productReference = D51B75081F9CB6D900223477 /* Ubud-Example.app */;
			productType = "com.apple.product-type.application";
		};
		D51B751B1F9CB6DA00223477 /* Ubud-ExampleTests */ = {
			isa = PBXNativeTarget;
			buildConfigurationList = D51B75281F9CB6DA00223477 /* Build configuration list for PBXNativeTarget "Ubud-ExampleTests" */;
			buildPhases = (
				D51B75181F9CB6DA00223477 /* Sources */,
				D51B75191F9CB6DA00223477 /* Frameworks */,
				D51B751A1F9CB6DA00223477 /* Resources */,
			);
			buildRules = (
			);
			dependencies = (
				D51B751E1F9CB6DA00223477 /* PBXTargetDependency */,
			);
			name = "Ubud-ExampleTests";
			productName = "Ubud-ExampleTests";
			productReference = D51B751C1F9CB6DA00223477 /* UbudExample.xctest */;
			productType = "com.apple.product-type.bundle.unit-test";
		};
/* End PBXNativeTarget section */

/* Begin PBXProject section */
		D51B75001F9CB6D900223477 /* Project object */ = {
			isa = PBXProject;
			attributes = {
				LastSwiftUpdateCheck = 0900;
				LastUpgradeCheck = 0900;
				ORGANIZATIONNAME = "Luqman Fauzi";
				TargetAttributes = {
					D51B75071F9CB6D900223477 = {
						CreatedOnToolsVersion = 9.0;
						ProvisioningStyle = Automatic;
					};
					D51B751B1F9CB6DA00223477 = {
						CreatedOnToolsVersion = 9.0;
						ProvisioningStyle = Automatic;
						TestTargetID = D51B75071F9CB6D900223477;
					};
				};
			};
			buildConfigurationList = D51B75031F9CB6D900223477 /* Build configuration list for PBXProject "Ubud-Example" */;
			compatibilityVersion = "Xcode 8.0";
			developmentRegion = en;
			hasScannedForEncodings = 0;
			knownRegions = (
				en,
				Base,
			);
			mainGroup = D51B74FF1F9CB6D900223477;
			productRefGroup = D51B75091F9CB6D900223477 /* Products */;
			projectDirPath = "";
			projectRoot = "";
			targets = (
				D51B75071F9CB6D900223477 /* Ubud-Example */,
				D51B751B1F9CB6DA00223477 /* Ubud-ExampleTests */,
			);
		};
/* End PBXProject section */

/* Begin PBXResourcesBuildPhase section */
		D51B75061F9CB6D900223477 /* Resources */ = {
			isa = PBXResourcesBuildPhase;
			buildActionMask = 2147483647;
			files = (
				D51B75161F9CB6D900223477 /* LaunchScreen.storyboard in Resources */,
				D557BADC1F9D7A7C0006E5F9 /* GalleryCell.xib in Resources */,
				D51B75131F9CB6D900223477 /* Assets.xcassets in Resources */,
			);
			runOnlyForDeploymentPostprocessing = 0;
		};
		D51B751A1F9CB6DA00223477 /* Resources */ = {
			isa = PBXResourcesBuildPhase;
			buildActionMask = 2147483647;
			files = (
			);
			runOnlyForDeploymentPostprocessing = 0;
		};
/* End PBXResourcesBuildPhase section */

/* Begin PBXSourcesBuildPhase section */
		D51B75041F9CB6D900223477 /* Sources */ = {
			isa = PBXSourcesBuildPhase;
			buildActionMask = 2147483647;
			files = (
				D557BADB1F9D7A7C0006E5F9 /* GalleryCell.swift in Sources */,
				D557BAD71F9D7A120006E5F9 /* GalleryImagesViewController.swift in Sources */,
				D51B750C1F9CB6D900223477 /* AppDelegate.swift in Sources */,
				D575D5041F9CBC55004E0894 /* ExampleViewController.swift in Sources */,
			);
			runOnlyForDeploymentPostprocessing = 0;
		};
		D51B75181F9CB6DA00223477 /* Sources */ = {
			isa = PBXSourcesBuildPhase;
			buildActionMask = 2147483647;
			files = (
				D51B75211F9CB6DA00223477 /* UbudExampleTests.swift in Sources */,
			);
			runOnlyForDeploymentPostprocessing = 0;
		};
/* End PBXSourcesBuildPhase section */

/* Begin PBXTargetDependency section */
		D51B751E1F9CB6DA00223477 /* PBXTargetDependency */ = {
			isa = PBXTargetDependency;
			target = D51B75071F9CB6D900223477 /* Ubud-Example */;
			targetProxy = D51B751D1F9CB6DA00223477 /* PBXContainerItemProxy */;
		};
/* End PBXTargetDependency section */

/* Begin PBXVariantGroup section */
		D51B75141F9CB6D900223477 /* LaunchScreen.storyboard */ = {
			isa = PBXVariantGroup;
			children = (
				D51B75151F9CB6D900223477 /* Base */,
			);
			name = LaunchScreen.storyboard;
			sourceTree = "<group>";
		};
/* End PBXVariantGroup section */

/* Begin XCBuildConfiguration section */
		D51B75231F9CB6DA00223477 /* Debug */ = {
			isa = XCBuildConfiguration;
			buildSettings = {
				ALWAYS_SEARCH_USER_PATHS = NO;
				CLANG_ANALYZER_NONNULL = YES;
				CLANG_ANALYZER_NUMBER_OBJECT_CONVERSION = YES_AGGRESSIVE;
				CLANG_CXX_LANGUAGE_STANDARD = "gnu++14";
				CLANG_CXX_LIBRARY = "libc++";
				CLANG_ENABLE_MODULES = YES;
				CLANG_ENABLE_OBJC_ARC = YES;
				CLANG_WARN_BLOCK_CAPTURE_AUTORELEASING = YES;
				CLANG_WARN_BOOL_CONVERSION = YES;
				CLANG_WARN_COMMA = YES;
				CLANG_WARN_CONSTANT_CONVERSION = YES;
				CLANG_WARN_DIRECT_OBJC_ISA_USAGE = YES_ERROR;
				CLANG_WARN_DOCUMENTATION_COMMENTS = YES;
				CLANG_WARN_EMPTY_BODY = YES;
				CLANG_WARN_ENUM_CONVERSION = YES;
				CLANG_WARN_INFINITE_RECURSION = YES;
				CLANG_WARN_INT_CONVERSION = YES;
				CLANG_WARN_NON_LITERAL_NULL_CONVERSION = YES;
				CLANG_WARN_OBJC_LITERAL_CONVERSION = YES;
				CLANG_WARN_OBJC_ROOT_CLASS = YES_ERROR;
				CLANG_WARN_RANGE_LOOP_ANALYSIS = YES;
				CLANG_WARN_STRICT_PROTOTYPES = YES;
				CLANG_WARN_SUSPICIOUS_MOVE = YES;
				CLANG_WARN_UNGUARDED_AVAILABILITY = YES_AGGRESSIVE;
				CLANG_WARN_UNREACHABLE_CODE = YES;
				CLANG_WARN__DUPLICATE_METHOD_MATCH = YES;
				CODE_SIGN_IDENTITY = "iPhone Developer";
				COPY_PHASE_STRIP = NO;
				DEBUG_INFORMATION_FORMAT = dwarf;
				ENABLE_STRICT_OBJC_MSGSEND = YES;
				ENABLE_TESTABILITY = YES;
				GCC_C_LANGUAGE_STANDARD = gnu11;
				GCC_DYNAMIC_NO_PIC = NO;
				GCC_NO_COMMON_BLOCKS = YES;
				GCC_OPTIMIZATION_LEVEL = 0;
				GCC_PREPROCESSOR_DEFINITIONS = (
					"DEBUG=1",
					"$(inherited)",
				);
				GCC_WARN_64_TO_32_BIT_CONVERSION = YES;
				GCC_WARN_ABOUT_RETURN_TYPE = YES_ERROR;
				GCC_WARN_UNDECLARED_SELECTOR = YES;
				GCC_WARN_UNINITIALIZED_AUTOS = YES_AGGRESSIVE;
				GCC_WARN_UNUSED_FUNCTION = YES;
				GCC_WARN_UNUSED_VARIABLE = YES;
				IPHONEOS_DEPLOYMENT_TARGET = 9.0;
				MTL_ENABLE_DEBUG_INFO = YES;
				ONLY_ACTIVE_ARCH = YES;
				SDKROOT = iphoneos;
				SWIFT_ACTIVE_COMPILATION_CONDITIONS = DEBUG;
				SWIFT_OPTIMIZATION_LEVEL = "-Onone";
				SWIFT_VERSION = 4.0;
			};
			name = Debug;
		};
		D51B75241F9CB6DA00223477 /* Release */ = {
			isa = XCBuildConfiguration;
			buildSettings = {
				ALWAYS_SEARCH_USER_PATHS = NO;
				CLANG_ANALYZER_NONNULL = YES;
				CLANG_ANALYZER_NUMBER_OBJECT_CONVERSION = YES_AGGRESSIVE;
				CLANG_CXX_LANGUAGE_STANDARD = "gnu++14";
				CLANG_CXX_LIBRARY = "libc++";
				CLANG_ENABLE_MODULES = YES;
				CLANG_ENABLE_OBJC_ARC = YES;
				CLANG_WARN_BLOCK_CAPTURE_AUTORELEASING = YES;
				CLANG_WARN_BOOL_CONVERSION = YES;
				CLANG_WARN_COMMA = YES;
				CLANG_WARN_CONSTANT_CONVERSION = YES;
				CLANG_WARN_DIRECT_OBJC_ISA_USAGE = YES_ERROR;
				CLANG_WARN_DOCUMENTATION_COMMENTS = YES;
				CLANG_WARN_EMPTY_BODY = YES;
				CLANG_WARN_ENUM_CONVERSION = YES;
				CLANG_WARN_INFINITE_RECURSION = YES;
				CLANG_WARN_INT_CONVERSION = YES;
				CLANG_WARN_NON_LITERAL_NULL_CONVERSION = YES;
				CLANG_WARN_OBJC_LITERAL_CONVERSION = YES;
				CLANG_WARN_OBJC_ROOT_CLASS = YES_ERROR;
				CLANG_WARN_RANGE_LOOP_ANALYSIS = YES;
				CLANG_WARN_STRICT_PROTOTYPES = YES;
				CLANG_WARN_SUSPICIOUS_MOVE = YES;
				CLANG_WARN_UNGUARDED_AVAILABILITY = YES_AGGRESSIVE;
				CLANG_WARN_UNREACHABLE_CODE = YES;
				CLANG_WARN__DUPLICATE_METHOD_MATCH = YES;
				CODE_SIGN_IDENTITY = "iPhone Developer";
				COPY_PHASE_STRIP = NO;
				DEBUG_INFORMATION_FORMAT = "dwarf-with-dsym";
				ENABLE_NS_ASSERTIONS = NO;
				ENABLE_STRICT_OBJC_MSGSEND = YES;
				GCC_C_LANGUAGE_STANDARD = gnu11;
				GCC_NO_COMMON_BLOCKS = YES;
				GCC_WARN_64_TO_32_BIT_CONVERSION = YES;
				GCC_WARN_ABOUT_RETURN_TYPE = YES_ERROR;
				GCC_WARN_UNDECLARED_SELECTOR = YES;
				GCC_WARN_UNINITIALIZED_AUTOS = YES_AGGRESSIVE;
				GCC_WARN_UNUSED_FUNCTION = YES;
				GCC_WARN_UNUSED_VARIABLE = YES;
				IPHONEOS_DEPLOYMENT_TARGET = 9.0;
				MTL_ENABLE_DEBUG_INFO = NO;
				SDKROOT = iphoneos;
				SWIFT_OPTIMIZATION_LEVEL = "-Owholemodule";
				SWIFT_VERSION = 4.0;
				VALIDATE_PRODUCT = YES;
			};
			name = Release;
		};
		D51B75261F9CB6DA00223477 /* Debug */ = {
			isa = XCBuildConfiguration;
			buildSettings = {
				ASSETCATALOG_COMPILER_APPICON_NAME = AppIcon;
				CODE_SIGN_STYLE = Automatic;
				DEVELOPMENT_TEAM = R2XF3NYPAG;
				INFOPLIST_FILE = "Ubud-Example/Resource/Info.plist";
				IPHONEOS_DEPLOYMENT_TARGET = 9.0;
				LD_RUNPATH_SEARCH_PATHS = "$(inherited) @executable_path/Frameworks";
				PRODUCT_BUNDLE_IDENTIFIER = "me.luqmanfauzi.Ubud-Example";
				PRODUCT_NAME = "$(TARGET_NAME)";
				SWIFT_VERSION = 4.0;
				TARGETED_DEVICE_FAMILY = "1,2";
			};
			name = Debug;
		};
		D51B75271F9CB6DA00223477 /* Release */ = {
			isa = XCBuildConfiguration;
			buildSettings = {
				ASSETCATALOG_COMPILER_APPICON_NAME = AppIcon;
				CODE_SIGN_STYLE = Automatic;
				DEVELOPMENT_TEAM = R2XF3NYPAG;
				INFOPLIST_FILE = "Ubud-Example/Resource/Info.plist";
				IPHONEOS_DEPLOYMENT_TARGET = 9.0;
				LD_RUNPATH_SEARCH_PATHS = "$(inherited) @executable_path/Frameworks";
				PRODUCT_BUNDLE_IDENTIFIER = "me.luqmanfauzi.Ubud-Example";
				PRODUCT_NAME = "$(TARGET_NAME)";
				SWIFT_VERSION = 4.0;
				TARGETED_DEVICE_FAMILY = "1,2";
			};
			name = Release;
		};
		D51B75291F9CB6DA00223477 /* Debug */ = {
			isa = XCBuildConfiguration;
			buildSettings = {
				ALWAYS_EMBED_SWIFT_STANDARD_LIBRARIES = YES;
				BUNDLE_LOADER = "$(TEST_HOST)";
				CODE_SIGN_STYLE = Automatic;
				DEVELOPMENT_TEAM = R2XF3NYPAG;
				INFOPLIST_FILE = "Ubud-ExampleTests/Info.plist";
				LD_RUNPATH_SEARCH_PATHS = "$(inherited) @executable_path/Frameworks @loader_path/Frameworks";
				PRODUCT_BUNDLE_IDENTIFIER = "me.luqmanfauzi.Ubud-ExampleTests";
				PRODUCT_NAME = UbudExample;
				SWIFT_VERSION = 4.0;
				TARGETED_DEVICE_FAMILY = "1,2";
				TEST_HOST = "$(BUILT_PRODUCTS_DIR)/Ubud-Example.app/Ubud-Example";
			};
			name = Debug;
		};
		D51B752A1F9CB6DA00223477 /* Release */ = {
			isa = XCBuildConfiguration;
			buildSettings = {
				ALWAYS_EMBED_SWIFT_STANDARD_LIBRARIES = YES;
				BUNDLE_LOADER = "$(TEST_HOST)";
				CODE_SIGN_STYLE = Automatic;
				DEVELOPMENT_TEAM = R2XF3NYPAG;
				INFOPLIST_FILE = "Ubud-ExampleTests/Info.plist";
				LD_RUNPATH_SEARCH_PATHS = "$(inherited) @executable_path/Frameworks @loader_path/Frameworks";
				PRODUCT_BUNDLE_IDENTIFIER = "me.luqmanfauzi.Ubud-ExampleTests";
				PRODUCT_NAME = UbudExample;
				SWIFT_VERSION = 4.0;
				TARGETED_DEVICE_FAMILY = "1,2";
				TEST_HOST = "$(BUILT_PRODUCTS_DIR)/Ubud-Example.app/Ubud-Example";
			};
			name = Release;
		};
/* End XCBuildConfiguration section */

/* Begin XCConfigurationList section */
		D51B75031F9CB6D900223477 /* Build configuration list for PBXProject "Ubud-Example" */ = {
			isa = XCConfigurationList;
			buildConfigurations = (
				D51B75231F9CB6DA00223477 /* Debug */,
				D51B75241F9CB6DA00223477 /* Release */,
			);
			defaultConfigurationIsVisible = 0;
			defaultConfigurationName = Release;
		};
		D51B75251F9CB6DA00223477 /* Build configuration list for PBXNativeTarget "Ubud-Example" */ = {
			isa = XCConfigurationList;
			buildConfigurations = (
				D51B75261F9CB6DA00223477 /* Debug */,
				D51B75271F9CB6DA00223477 /* Release */,
			);
			defaultConfigurationIsVisible = 0;
			defaultConfigurationName = Release;
		};
		D51B75281F9CB6DA00223477 /* Build configuration list for PBXNativeTarget "Ubud-ExampleTests" */ = {
			isa = XCConfigurationList;
			buildConfigurations = (
				D51B75291F9CB6DA00223477 /* Debug */,
				D51B752A1F9CB6DA00223477 /* Release */,
			);
			defaultConfigurationIsVisible = 0;
			defaultConfigurationName = Release;
		};
/* End XCConfigurationList section */
	};
	rootObject = D51B75001F9CB6D900223477 /* Project object */;
}
