// !$*UTF8*$!
{
	archiveVersion = 1;
	classes = {
	};
	objectVersion = 48;
	objects = {

/* Begin PBXBuildFile section */
		3890A6BFFDF72AD6263FE085 /* Pods_Ubud_ExampleUITests.framework in Frameworks */ = {isa = PBXBuildFile; fileRef = 378200D4D3DCEB2D78A7EB7E /* Pods_Ubud_ExampleUITests.framework */; };
		892416E09649F77CA0B15419 /* Pods_Ubud_ExampleTests.framework in Frameworks */ = {isa = PBXBuildFile; fileRef = 9EC736D20E06703FA2F7A739 /* Pods_Ubud_ExampleTests.framework */; };
		D51B750C1F9CB6D900223477 /* AppDelegate.swift in Sources */ = {isa = PBXBuildFile; fileRef = D51B750B1F9CB6D900223477 /* AppDelegate.swift */; };
		D51B75131F9CB6D900223477 /* Assets.xcassets in Resources */ = {isa = PBXBuildFile; fileRef = D51B75121F9CB6D900223477 /* Assets.xcassets */; };
		D51B75161F9CB6D900223477 /* LaunchScreen.storyboard in Resources */ = {isa = PBXBuildFile; fileRef = D51B75141F9CB6D900223477 /* LaunchScreen.storyboard */; };
		D51B75211F9CB6DA00223477 /* UbudExampleTests.swift in Sources */ = {isa = PBXBuildFile; fileRef = D51B75201F9CB6DA00223477 /* UbudExampleTests.swift */; };
		D557BAD71F9D7A120006E5F9 /* LocalResourceViewController.swift in Sources */ = {isa = PBXBuildFile; fileRef = D557BAD61F9D7A120006E5F9 /* LocalResourceViewController.swift */; };
		D557BADB1F9D7A7C0006E5F9 /* ImageCell.swift in Sources */ = {isa = PBXBuildFile; fileRef = D557BAD91F9D7A7C0006E5F9 /* ImageCell.swift */; };
		D557BADC1F9D7A7C0006E5F9 /* ImageCell.xib in Resources */ = {isa = PBXBuildFile; fileRef = D557BADA1F9D7A7C0006E5F9 /* ImageCell.xib */; };
		D575D5041F9CBC55004E0894 /* ExampleViewController.swift in Sources */ = {isa = PBXBuildFile; fileRef = D575D5031F9CBC54004E0894 /* ExampleViewController.swift */; };
		D57A99C21FDE67DF00C7BBCB /* ExampleGalleryViewController.swift in Sources */ = {isa = PBXBuildFile; fileRef = D57A99C11FDE67DF00C7BBCB /* ExampleGalleryViewController.swift */; };
		D5A10BC91FDD5104005B7474 /* ImagesFlowLayout.swift in Sources */ = {isa = PBXBuildFile; fileRef = D5A10BC81FDD5104005B7474 /* ImagesFlowLayout.swift */; };
		D5A10BCC1FDD5BB7005B7474 /* Int+Random.swift in Sources */ = {isa = PBXBuildFile; fileRef = D5A10BCB1FDD5BB7005B7474 /* Int+Random.swift */; };
		D5A10BCE1FDD5BCB005B7474 /* UIImage+Random.swift in Sources */ = {isa = PBXBuildFile; fileRef = D5A10BCD1FDD5BCB005B7474 /* UIImage+Random.swift */; };
		D5A10BD21FDD5D28005B7474 /* RemoteResourceViewController.swift in Sources */ = {isa = PBXBuildFile; fileRef = D5A10BD11FDD5D28005B7474 /* RemoteResourceViewController.swift */; };
		D5A10BD41FDD5FB0005B7474 /* URL+Random.swift in Sources */ = {isa = PBXBuildFile; fileRef = D5A10BD31FDD5FB0005B7474 /* URL+Random.swift */; };
		D5A10BD81FDD677E005B7474 /* UIImageView+Downloader.swift in Sources */ = {isa = PBXBuildFile; fileRef = D5A10BD71FDD677E005B7474 /* UIImageView+Downloader.swift */; };
		D5D3BF6A1FDE979A00C70477 /* UbudExampleUITests.swift in Sources */ = {isa = PBXBuildFile; fileRef = D5D3BF691FDE979A00C70477 /* UbudExampleUITests.swift */; };
		ECF8C2844D5006CE2C8CB4C0 /* Pods_Ubud_Example.framework in Frameworks */ = {isa = PBXBuildFile; fileRef = 44210579337B430D70DF5D20 /* Pods_Ubud_Example.framework */; };
/* End PBXBuildFile section */

/* Begin PBXContainerItemProxy section */
		D51B751D1F9CB6DA00223477 /* PBXContainerItemProxy */ = {
			isa = PBXContainerItemProxy;
			containerPortal = D51B75001F9CB6D900223477 /* Project object */;
			proxyType = 1;
			remoteGlobalIDString = D51B75071F9CB6D900223477;
			remoteInfo = "Ubud-Example";
		};
		D5D3BF6C1FDE979A00C70477 /* PBXContainerItemProxy */ = {
			isa = PBXContainerItemProxy;
			containerPortal = D51B75001F9CB6D900223477 /* Project object */;
			proxyType = 1;
			remoteGlobalIDString = D51B75071F9CB6D900223477;
			remoteInfo = "Ubud-Example";
		};
/* End PBXContainerItemProxy section */

/* Begin PBXCopyFilesBuildPhase section */
		D575D4EF1F9CB8F4004E0894 /* Embed Frameworks */ = {
			isa = PBXCopyFilesBuildPhase;
			buildActionMask = 2147483647;
			dstPath = "";
			dstSubfolderSpec = 10;
			files = (
			);
			name = "Embed Frameworks";
			runOnlyForDeploymentPostprocessing = 0;
		};
/* End PBXCopyFilesBuildPhase section */

/* Begin PBXFileReference section */
		1FFA4843E7C1A659F57BCF9A /* Pods-Ubud-Example.debug.xcconfig */ = {isa = PBXFileReference; includeInIndex = 1; lastKnownFileType = text.xcconfig; name = "Pods-Ubud-Example.debug.xcconfig"; path = "Pods/Target Support Files/Pods-Ubud-Example/Pods-Ubud-Example.debug.xcconfig"; sourceTree = "<group>"; };
		378200D4D3DCEB2D78A7EB7E /* Pods_Ubud_ExampleUITests.framework */ = {isa = PBXFileReference; explicitFileType = wrapper.framework; includeInIndex = 0; path = Pods_Ubud_ExampleUITests.framework; sourceTree = BUILT_PRODUCTS_DIR; };
		44210579337B430D70DF5D20 /* Pods_Ubud_Example.framework */ = {isa = PBXFileReference; explicitFileType = wrapper.framework; includeInIndex = 0; path = Pods_Ubud_Example.framework; sourceTree = BUILT_PRODUCTS_DIR; };
		98037308DE9C2FE6F96AE3EC /* Pods-Ubud-ExampleTests.debug.xcconfig */ = {isa = PBXFileReference; includeInIndex = 1; lastKnownFileType = text.xcconfig; name = "Pods-Ubud-ExampleTests.debug.xcconfig"; path = "Pods/Target Support Files/Pods-Ubud-ExampleTests/Pods-Ubud-ExampleTests.debug.xcconfig"; sourceTree = "<group>"; };
		9EC736D20E06703FA2F7A739 /* Pods_Ubud_ExampleTests.framework */ = {isa = PBXFileReference; explicitFileType = wrapper.framework; includeInIndex = 0; path = Pods_Ubud_ExampleTests.framework; sourceTree = BUILT_PRODUCTS_DIR; };
		ADD175E07FECF218C0993616 /* Pods-Ubud-Example.release.xcconfig */ = {isa = PBXFileReference; includeInIndex = 1; lastKnownFileType = text.xcconfig; name = "Pods-Ubud-Example.release.xcconfig"; path = "Pods/Target Support Files/Pods-Ubud-Example/Pods-Ubud-Example.release.xcconfig"; sourceTree = "<group>"; };
		D51B75081F9CB6D900223477 /* Ubud-Example.app */ = {isa = PBXFileReference; explicitFileType = wrapper.application; includeInIndex = 0; path = "Ubud-Example.app"; sourceTree = BUILT_PRODUCTS_DIR; };
		D51B750B1F9CB6D900223477 /* AppDelegate.swift */ = {isa = PBXFileReference; lastKnownFileType = sourcecode.swift; path = AppDelegate.swift; sourceTree = "<group>"; };
		D51B75121F9CB6D900223477 /* Assets.xcassets */ = {isa = PBXFileReference; lastKnownFileType = folder.assetcatalog; path = Assets.xcassets; sourceTree = "<group>"; };
		D51B75151F9CB6D900223477 /* Base */ = {isa = PBXFileReference; lastKnownFileType = file.storyboard; name = Base; path = Base.lproj/LaunchScreen.storyboard; sourceTree = "<group>"; };
		D51B75171F9CB6D900223477 /* Info.plist */ = {isa = PBXFileReference; lastKnownFileType = text.plist.xml; path = Info.plist; sourceTree = "<group>"; };
		D51B751C1F9CB6DA00223477 /* UbudExample.xctest */ = {isa = PBXFileReference; explicitFileType = wrapper.cfbundle; includeInIndex = 0; path = UbudExample.xctest; sourceTree = BUILT_PRODUCTS_DIR; };
		D51B75201F9CB6DA00223477 /* UbudExampleTests.swift */ = {isa = PBXFileReference; lastKnownFileType = sourcecode.swift; path = UbudExampleTests.swift; sourceTree = "<group>"; };
		D51B75221F9CB6DA00223477 /* Info.plist */ = {isa = PBXFileReference; lastKnownFileType = text.plist.xml; path = Info.plist; sourceTree = "<group>"; };
		D557BAD61F9D7A120006E5F9 /* LocalResourceViewController.swift */ = {isa = PBXFileReference; lastKnownFileType = sourcecode.swift; path = LocalResourceViewController.swift; sourceTree = "<group>"; };
		D557BAD91F9D7A7C0006E5F9 /* ImageCell.swift */ = {isa = PBXFileReference; lastKnownFileType = sourcecode.swift; path = ImageCell.swift; sourceTree = "<group>"; };
		D557BADA1F9D7A7C0006E5F9 /* ImageCell.xib */ = {isa = PBXFileReference; lastKnownFileType = file.xib; path = ImageCell.xib; sourceTree = "<group>"; };
		D575D5031F9CBC54004E0894 /* ExampleViewController.swift */ = {isa = PBXFileReference; fileEncoding = 4; lastKnownFileType = sourcecode.swift; name = ExampleViewController.swift; path = "Ubud-Example/ViewControllers/ExampleViewController.swift"; sourceTree = SOURCE_ROOT; };
		D57A99C11FDE67DF00C7BBCB /* ExampleGalleryViewController.swift */ = {isa = PBXFileReference; lastKnownFileType = sourcecode.swift; path = ExampleGalleryViewController.swift; sourceTree = "<group>"; };
		D5A10BC81FDD5104005B7474 /* ImagesFlowLayout.swift */ = {isa = PBXFileReference; lastKnownFileType = sourcecode.swift; path = ImagesFlowLayout.swift; sourceTree = "<group>"; };
		D5A10BCB1FDD5BB7005B7474 /* Int+Random.swift */ = {isa = PBXFileReference; lastKnownFileType = sourcecode.swift; path = "Int+Random.swift"; sourceTree = "<group>"; };
		D5A10BCD1FDD5BCB005B7474 /* UIImage+Random.swift */ = {isa = PBXFileReference; lastKnownFileType = sourcecode.swift; path = "UIImage+Random.swift"; sourceTree = "<group>"; };
		D5A10BD11FDD5D28005B7474 /* RemoteResourceViewController.swift */ = {isa = PBXFileReference; lastKnownFileType = sourcecode.swift; path = RemoteResourceViewController.swift; sourceTree = "<group>"; };
		D5A10BD31FDD5FB0005B7474 /* URL+Random.swift */ = {isa = PBXFileReference; lastKnownFileType = sourcecode.swift; path = "URL+Random.swift"; sourceTree = "<group>"; };
		D5A10BD71FDD677E005B7474 /* UIImageView+Downloader.swift */ = {isa = PBXFileReference; lastKnownFileType = sourcecode.swift; path = "UIImageView+Downloader.swift"; sourceTree = "<group>"; };
		D5D3BF671FDE979A00C70477 /* Ubud-ExampleUITests.xctest */ = {isa = PBXFileReference; explicitFileType = wrapper.cfbundle; includeInIndex = 0; path = "Ubud-ExampleUITests.xctest"; sourceTree = BUILT_PRODUCTS_DIR; };
		D5D3BF691FDE979A00C70477 /* UbudExampleUITests.swift */ = {isa = PBXFileReference; lastKnownFileType = sourcecode.swift; path = UbudExampleUITests.swift; sourceTree = "<group>"; };
		D5D3BF6B1FDE979A00C70477 /* Info.plist */ = {isa = PBXFileReference; lastKnownFileType = text.plist.xml; path = Info.plist; sourceTree = "<group>"; };
		E61C2086B4E0258DEA8157F1 /* Pods-Ubud-ExampleUITests.release.xcconfig */ = {isa = PBXFileReference; includeInIndex = 1; lastKnownFileType = text.xcconfig; name = "Pods-Ubud-ExampleUITests.release.xcconfig"; path = "Pods/Target Support Files/Pods-Ubud-ExampleUITests/Pods-Ubud-ExampleUITests.release.xcconfig"; sourceTree = "<group>"; };
		E7B2ECF4997AF86F06A59A1C /* Pods-Ubud-ExampleTests.release.xcconfig */ = {isa = PBXFileReference; includeInIndex = 1; lastKnownFileType = text.xcconfig; name = "Pods-Ubud-ExampleTests.release.xcconfig"; path = "Pods/Target Support Files/Pods-Ubud-ExampleTests/Pods-Ubud-ExampleTests.release.xcconfig"; sourceTree = "<group>"; };
		FB5DF4F1C2BBA459756937D3 /* Pods-Ubud-ExampleUITests.debug.xcconfig */ = {isa = PBXFileReference; includeInIndex = 1; lastKnownFileType = text.xcconfig; name = "Pods-Ubud-ExampleUITests.debug.xcconfig"; path = "Pods/Target Support Files/Pods-Ubud-ExampleUITests/Pods-Ubud-ExampleUITests.debug.xcconfig"; sourceTree = "<group>"; };
/* End PBXFileReference section */

/* Begin PBXFrameworksBuildPhase section */
		D51B75051F9CB6D900223477 /* Frameworks */ = {
			isa = PBXFrameworksBuildPhase;
			buildActionMask = 2147483647;
			files = (
				ECF8C2844D5006CE2C8CB4C0 /* Pods_Ubud_Example.framework in Frameworks */,
			);
			runOnlyForDeploymentPostprocessing = 0;
		};
		D51B75191F9CB6DA00223477 /* Frameworks */ = {
			isa = PBXFrameworksBuildPhase;
			buildActionMask = 2147483647;
			files = (
				892416E09649F77CA0B15419 /* Pods_Ubud_ExampleTests.framework in Frameworks */,
			);
			runOnlyForDeploymentPostprocessing = 0;
		};
		D5D3BF641FDE979A00C70477 /* Frameworks */ = {
			isa = PBXFrameworksBuildPhase;
			buildActionMask = 2147483647;
			files = (
				3890A6BFFDF72AD6263FE085 /* Pods_Ubud_ExampleUITests.framework in Frameworks */,
			);
			runOnlyForDeploymentPostprocessing = 0;
		};
/* End PBXFrameworksBuildPhase section */

/* Begin PBXGroup section */
		6AC3150DE474C61989EB20EE /* Pods */ = {
			isa = PBXGroup;
			children = (
				1FFA4843E7C1A659F57BCF9A /* Pods-Ubud-Example.debug.xcconfig */,
				ADD175E07FECF218C0993616 /* Pods-Ubud-Example.release.xcconfig */,
				98037308DE9C2FE6F96AE3EC /* Pods-Ubud-ExampleTests.debug.xcconfig */,
				E7B2ECF4997AF86F06A59A1C /* Pods-Ubud-ExampleTests.release.xcconfig */,
				FB5DF4F1C2BBA459756937D3 /* Pods-Ubud-ExampleUITests.debug.xcconfig */,
				E61C2086B4E0258DEA8157F1 /* Pods-Ubud-ExampleUITests.release.xcconfig */,
			);
			name = Pods;
			sourceTree = "<group>";
		};
		B830C090357865A7A4F9A164 /* Frameworks */ = {
			isa = PBXGroup;
			children = (
				44210579337B430D70DF5D20 /* Pods_Ubud_Example.framework */,
				9EC736D20E06703FA2F7A739 /* Pods_Ubud_ExampleTests.framework */,
				378200D4D3DCEB2D78A7EB7E /* Pods_Ubud_ExampleUITests.framework */,
			);
			name = Frameworks;
			sourceTree = "<group>";
		};
		D51B74FF1F9CB6D900223477 = {
			isa = PBXGroup;
			children = (
				D51B750A1F9CB6D900223477 /* Ubud-Example */,
				D51B751F1F9CB6DA00223477 /* Ubud-ExampleTests */,
				D5D3BF681FDE979A00C70477 /* Ubud-ExampleUITests */,
				D51B75091F9CB6D900223477 /* Products */,
				6AC3150DE474C61989EB20EE /* Pods */,
				B830C090357865A7A4F9A164 /* Frameworks */,
			);
			sourceTree = "<group>";
		};
		D51B75091F9CB6D900223477 /* Products */ = {
			isa = PBXGroup;
			children = (
				D51B75081F9CB6D900223477 /* Ubud-Example.app */,
				D51B751C1F9CB6DA00223477 /* UbudExample.xctest */,
				D5D3BF671FDE979A00C70477 /* Ubud-ExampleUITests.xctest */,
			);
			name = Products;
			sourceTree = "<group>";
		};
		D51B750A1F9CB6D900223477 /* Ubud-Example */ = {
			isa = PBXGroup;
			children = (
				D575D5051F9CBD85004E0894 /* ViewControllers */,
				D557BAD81F9D7A660006E5F9 /* Views */,
				D5A10BCA1FDD5BA8005B7474 /* Extensions */,
				D575D5011F9CBB09004E0894 /* Resource */,
				D51B750B1F9CB6D900223477 /* AppDelegate.swift */,
			);
			path = "Ubud-Example";
			sourceTree = "<group>";
		};
		D51B751F1F9CB6DA00223477 /* Ubud-ExampleTests */ = {
			isa = PBXGroup;
			children = (
				D51B75201F9CB6DA00223477 /* UbudExampleTests.swift */,
				D51B75221F9CB6DA00223477 /* Info.plist */,
			);
			path = "Ubud-ExampleTests";
			sourceTree = "<group>";
		};
		D557BAD81F9D7A660006E5F9 /* Views */ = {
			isa = PBXGroup;
			children = (
				D557BAD91F9D7A7C0006E5F9 /* ImageCell.swift */,
				D557BADA1F9D7A7C0006E5F9 /* ImageCell.xib */,
				D5A10BC81FDD5104005B7474 /* ImagesFlowLayout.swift */,
			);
			path = Views;
			sourceTree = "<group>";
		};
		D575D5011F9CBB09004E0894 /* Resource */ = {
			isa = PBXGroup;
			children = (
				D51B75121F9CB6D900223477 /* Assets.xcassets */,
				D51B75141F9CB6D900223477 /* LaunchScreen.storyboard */,
				D51B75171F9CB6D900223477 /* Info.plist */,
			);
			path = Resource;
			sourceTree = "<group>";
		};
		D575D5051F9CBD85004E0894 /* ViewControllers */ = {
			isa = PBXGroup;
			children = (
				D575D5031F9CBC54004E0894 /* ExampleViewController.swift */,
				D57A99C11FDE67DF00C7BBCB /* ExampleGalleryViewController.swift */,
				D557BAD61F9D7A120006E5F9 /* LocalResourceViewController.swift */,
				D5A10BD11FDD5D28005B7474 /* RemoteResourceViewController.swift */,
			);
			path = ViewControllers;
			sourceTree = "<group>";
		};
		D5A10BCA1FDD5BA8005B7474 /* Extensions */ = {
			isa = PBXGroup;
			children = (
				D5A10BCB1FDD5BB7005B7474 /* Int+Random.swift */,
				D5A10BCD1FDD5BCB005B7474 /* UIImage+Random.swift */,
				D5A10BD31FDD5FB0005B7474 /* URL+Random.swift */,
				D5A10BD71FDD677E005B7474 /* UIImageView+Downloader.swift */,
			);
			path = Extensions;
			sourceTree = "<group>";
		};
		D5D3BF681FDE979A00C70477 /* Ubud-ExampleUITests */ = {
			isa = PBXGroup;
			children = (
				D5D3BF691FDE979A00C70477 /* UbudExampleUITests.swift */,
				D5D3BF6B1FDE979A00C70477 /* Info.plist */,
			);
			path = "Ubud-ExampleUITests";
			sourceTree = "<group>";
		};
/* End PBXGroup section */

/* Begin PBXNativeTarget section */
		D51B75071F9CB6D900223477 /* Ubud-Example */ = {
			isa = PBXNativeTarget;
			buildConfigurationList = D51B75251F9CB6DA00223477 /* Build configuration list for PBXNativeTarget "Ubud-Example" */;
			buildPhases = (
				E5200041945528DE4E8D1951 /* [CP] Check Pods Manifest.lock */,
				D51B75041F9CB6D900223477 /* Sources */,
				D51B75051F9CB6D900223477 /* Frameworks */,
				D51B75061F9CB6D900223477 /* Resources */,
				D575D4EF1F9CB8F4004E0894 /* Embed Frameworks */,
				D53B9E604A92693BB79F4D10 /* [CP] Embed Pods Frameworks */,
				340CA66DCA62895B68174BA9 /* [CP] Copy Pods Resources */,
			);
			buildRules = (
			);
			dependencies = (
			);
			name = "Ubud-Example";
			productName = "Ubud-Example";
			productReference = D51B75081F9CB6D900223477 /* Ubud-Example.app */;
			productType = "com.apple.product-type.application";
		};
		D51B751B1F9CB6DA00223477 /* Ubud-ExampleTests */ = {
			isa = PBXNativeTarget;
			buildConfigurationList = D51B75281F9CB6DA00223477 /* Build configuration list for PBXNativeTarget "Ubud-ExampleTests" */;
			buildPhases = (
				7235B485B267904ABD47914A /* [CP] Check Pods Manifest.lock */,
				D51B75181F9CB6DA00223477 /* Sources */,
				D51B75191F9CB6DA00223477 /* Frameworks */,
				D51B751A1F9CB6DA00223477 /* Resources */,
				BD36C4D87F87812300900428 /* [CP] Embed Pods Frameworks */,
				3B36F4CD3D039F483108E9BF /* [CP] Copy Pods Resources */,
			);
			buildRules = (
			);
			dependencies = (
				D51B751E1F9CB6DA00223477 /* PBXTargetDependency */,
			);
			name = "Ubud-ExampleTests";
			productName = "Ubud-ExampleTests";
			productReference = D51B751C1F9CB6DA00223477 /* UbudExample.xctest */;
			productType = "com.apple.product-type.bundle.unit-test";
		};
		D5D3BF661FDE979A00C70477 /* Ubud-ExampleUITests */ = {
			isa = PBXNativeTarget;
			buildConfigurationList = D5D3BF6E1FDE979A00C70477 /* Build configuration list for PBXNativeTarget "Ubud-ExampleUITests" */;
			buildPhases = (
				766AFF7646CA60985D16C340 /* [CP] Check Pods Manifest.lock */,
				D5D3BF631FDE979A00C70477 /* Sources */,
				D5D3BF641FDE979A00C70477 /* Frameworks */,
				D5D3BF651FDE979A00C70477 /* Resources */,
				A65CF3D7F123A564504522E0 /* [CP] Embed Pods Frameworks */,
				DB5B147FC10A318C59682147 /* [CP] Copy Pods Resources */,
			);
			buildRules = (
			);
			dependencies = (
				D5D3BF6D1FDE979A00C70477 /* PBXTargetDependency */,
			);
			name = "Ubud-ExampleUITests";
			productName = "Ubud-ExampleUITests";
			productReference = D5D3BF671FDE979A00C70477 /* Ubud-ExampleUITests.xctest */;
			productType = "com.apple.product-type.bundle.ui-testing";
		};
/* End PBXNativeTarget section */

/* Begin PBXProject section */
		D51B75001F9CB6D900223477 /* Project object */ = {
			isa = PBXProject;
			attributes = {
				LastSwiftUpdateCheck = 0920;
				LastUpgradeCheck = 0900;
				ORGANIZATIONNAME = "Luqman Fauzi";
				TargetAttributes = {
					D51B75071F9CB6D900223477 = {
						CreatedOnToolsVersion = 9.0;
						ProvisioningStyle = Manual;
					};
					D51B751B1F9CB6DA00223477 = {
						CreatedOnToolsVersion = 9.0;
						ProvisioningStyle = Manual;
						TestTargetID = D51B75071F9CB6D900223477;
					};
					D5D3BF661FDE979A00C70477 = {
						CreatedOnToolsVersion = 9.2;
						ProvisioningStyle = Manual;
						TestTargetID = D51B75071F9CB6D900223477;
					};
				};
			};
			buildConfigurationList = D51B75031F9CB6D900223477 /* Build configuration list for PBXProject "Ubud-Example" */;
			compatibilityVersion = "Xcode 8.0";
			developmentRegion = en;
			hasScannedForEncodings = 0;
			knownRegions = (
				en,
				Base,
			);
			mainGroup = D51B74FF1F9CB6D900223477;
			productRefGroup = D51B75091F9CB6D900223477 /* Products */;
			projectDirPath = "";
			projectRoot = "";
			targets = (
				D51B75071F9CB6D900223477 /* Ubud-Example */,
				D51B751B1F9CB6DA00223477 /* Ubud-ExampleTests */,
				D5D3BF661FDE979A00C70477 /* Ubud-ExampleUITests */,
			);
		};
/* End PBXProject section */

/* Begin PBXResourcesBuildPhase section */
		D51B75061F9CB6D900223477 /* Resources */ = {
			isa = PBXResourcesBuildPhase;
			buildActionMask = 2147483647;
			files = (
				D51B75161F9CB6D900223477 /* LaunchScreen.storyboard in Resources */,
				D557BADC1F9D7A7C0006E5F9 /* ImageCell.xib in Resources */,
				D51B75131F9CB6D900223477 /* Assets.xcassets in Resources */,
			);
			runOnlyForDeploymentPostprocessing = 0;
		};
		D51B751A1F9CB6DA00223477 /* Resources */ = {
			isa = PBXResourcesBuildPhase;
			buildActionMask = 2147483647;
			files = (
			);
			runOnlyForDeploymentPostprocessing = 0;
		};
		D5D3BF651FDE979A00C70477 /* Resources */ = {
			isa = PBXResourcesBuildPhase;
			buildActionMask = 2147483647;
			files = (
			);
			runOnlyForDeploymentPostprocessing = 0;
		};
/* End PBXResourcesBuildPhase section */

/* Begin PBXShellScriptBuildPhase section */
		340CA66DCA62895B68174BA9 /* [CP] Copy Pods Resources */ = {
			isa = PBXShellScriptBuildPhase;
			buildActionMask = 2147483647;
			files = (
			);
			inputPaths = (
			);
			name = "[CP] Copy Pods Resources";
			outputPaths = (
			);
			runOnlyForDeploymentPostprocessing = 0;
			shellPath = /bin/sh;
			shellScript = "\"${SRCROOT}/Pods/Target Support Files/Pods-Ubud-Example/Pods-Ubud-Example-resources.sh\"\n";
			showEnvVarsInLog = 0;
		};
		3B36F4CD3D039F483108E9BF /* [CP] Copy Pods Resources */ = {
			isa = PBXShellScriptBuildPhase;
			buildActionMask = 2147483647;
			files = (
			);
			inputPaths = (
			);
			name = "[CP] Copy Pods Resources";
			outputPaths = (
			);
			runOnlyForDeploymentPostprocessing = 0;
			shellPath = /bin/sh;
			shellScript = "\"${SRCROOT}/Pods/Target Support Files/Pods-Ubud-ExampleTests/Pods-Ubud-ExampleTests-resources.sh\"\n";
			showEnvVarsInLog = 0;
		};
		7235B485B267904ABD47914A /* [CP] Check Pods Manifest.lock */ = {
			isa = PBXShellScriptBuildPhase;
			buildActionMask = 2147483647;
			files = (
			);
			inputPaths = (
				"${PODS_PODFILE_DIR_PATH}/Podfile.lock",
				"${PODS_ROOT}/Manifest.lock",
			);
			name = "[CP] Check Pods Manifest.lock";
			outputPaths = (
				"$(DERIVED_FILE_DIR)/Pods-Ubud-ExampleTests-checkManifestLockResult.txt",
			);
			runOnlyForDeploymentPostprocessing = 0;
			shellPath = /bin/sh;
			shellScript = "diff \"${PODS_PODFILE_DIR_PATH}/Podfile.lock\" \"${PODS_ROOT}/Manifest.lock\" > /dev/null\nif [ $? != 0 ] ; then\n    # print error to STDERR\n    echo \"error: The sandbox is not in sync with the Podfile.lock. Run 'pod install' or update your CocoaPods installation.\" >&2\n    exit 1\nfi\n# This output is used by Xcode 'outputs' to avoid re-running this script phase.\necho \"SUCCESS\" > \"${SCRIPT_OUTPUT_FILE_0}\"\n";
			showEnvVarsInLog = 0;
		};
		766AFF7646CA60985D16C340 /* [CP] Check Pods Manifest.lock */ = {
			isa = PBXShellScriptBuildPhase;
			buildActionMask = 2147483647;
			files = (
			);
			inputPaths = (
				"${PODS_PODFILE_DIR_PATH}/Podfile.lock",
				"${PODS_ROOT}/Manifest.lock",
			);
			name = "[CP] Check Pods Manifest.lock";
			outputPaths = (
				"$(DERIVED_FILE_DIR)/Pods-Ubud-ExampleUITests-checkManifestLockResult.txt",
			);
			runOnlyForDeploymentPostprocessing = 0;
			shellPath = /bin/sh;
			shellScript = "diff \"${PODS_PODFILE_DIR_PATH}/Podfile.lock\" \"${PODS_ROOT}/Manifest.lock\" > /dev/null\nif [ $? != 0 ] ; then\n    # print error to STDERR\n    echo \"error: The sandbox is not in sync with the Podfile.lock. Run 'pod install' or update your CocoaPods installation.\" >&2\n    exit 1\nfi\n# This output is used by Xcode 'outputs' to avoid re-running this script phase.\necho \"SUCCESS\" > \"${SCRIPT_OUTPUT_FILE_0}\"\n";
			showEnvVarsInLog = 0;
		};
		A65CF3D7F123A564504522E0 /* [CP] Embed Pods Frameworks */ = {
			isa = PBXShellScriptBuildPhase;
			buildActionMask = 2147483647;
			files = (
			);
			inputPaths = (
			);
			name = "[CP] Embed Pods Frameworks";
			outputPaths = (
			);
			runOnlyForDeploymentPostprocessing = 0;
			shellPath = /bin/sh;
			shellScript = "\"${SRCROOT}/Pods/Target Support Files/Pods-Ubud-ExampleUITests/Pods-Ubud-ExampleUITests-frameworks.sh\"\n";
			showEnvVarsInLog = 0;
		};
		BD36C4D87F87812300900428 /* [CP] Embed Pods Frameworks */ = {
			isa = PBXShellScriptBuildPhase;
			buildActionMask = 2147483647;
			files = (
			);
			inputPaths = (
			);
			name = "[CP] Embed Pods Frameworks";
			outputPaths = (
			);
			runOnlyForDeploymentPostprocessing = 0;
			shellPath = /bin/sh;
			shellScript = "\"${SRCROOT}/Pods/Target Support Files/Pods-Ubud-ExampleTests/Pods-Ubud-ExampleTests-frameworks.sh\"\n";
			showEnvVarsInLog = 0;
		};
		D53B9E604A92693BB79F4D10 /* [CP] Embed Pods Frameworks */ = {
			isa = PBXShellScriptBuildPhase;
			buildActionMask = 2147483647;
			files = (
			);
			inputPaths = (
				"${SRCROOT}/Pods/Target Support Files/Pods-Ubud-Example/Pods-Ubud-Example-frameworks.sh",
				"${BUILT_PRODUCTS_DIR}/Ubud/Ubud.framework",
			);
			name = "[CP] Embed Pods Frameworks";
			outputPaths = (
				"${TARGET_BUILD_DIR}/${FRAMEWORKS_FOLDER_PATH}/Ubud.framework",
			);
			runOnlyForDeploymentPostprocessing = 0;
			shellPath = /bin/sh;
			shellScript = "\"${SRCROOT}/Pods/Target Support Files/Pods-Ubud-Example/Pods-Ubud-Example-frameworks.sh\"\n";
			showEnvVarsInLog = 0;
		};
		DB5B147FC10A318C59682147 /* [CP] Copy Pods Resources */ = {
			isa = PBXShellScriptBuildPhase;
			buildActionMask = 2147483647;
			files = (
			);
			inputPaths = (
			);
			name = "[CP] Copy Pods Resources";
			outputPaths = (
			);
			runOnlyForDeploymentPostprocessing = 0;
			shellPath = /bin/sh;
			shellScript = "\"${SRCROOT}/Pods/Target Support Files/Pods-Ubud-ExampleUITests/Pods-Ubud-ExampleUITests-resources.sh\"\n";
			showEnvVarsInLog = 0;
		};
		E5200041945528DE4E8D1951 /* [CP] Check Pods Manifest.lock */ = {
			isa = PBXShellScriptBuildPhase;
			buildActionMask = 2147483647;
			files = (
			);
			inputPaths = (
				"${PODS_PODFILE_DIR_PATH}/Podfile.lock",
				"${PODS_ROOT}/Manifest.lock",
			);
			name = "[CP] Check Pods Manifest.lock";
			outputPaths = (
				"$(DERIVED_FILE_DIR)/Pods-Ubud-Example-checkManifestLockResult.txt",
			);
			runOnlyForDeploymentPostprocessing = 0;
			shellPath = /bin/sh;
			shellScript = "diff \"${PODS_PODFILE_DIR_PATH}/Podfile.lock\" \"${PODS_ROOT}/Manifest.lock\" > /dev/null\nif [ $? != 0 ] ; then\n    # print error to STDERR\n    echo \"error: The sandbox is not in sync with the Podfile.lock. Run 'pod install' or update your CocoaPods installation.\" >&2\n    exit 1\nfi\n# This output is used by Xcode 'outputs' to avoid re-running this script phase.\necho \"SUCCESS\" > \"${SCRIPT_OUTPUT_FILE_0}\"\n";
			showEnvVarsInLog = 0;
		};
/* End PBXShellScriptBuildPhase section */

/* Begin PBXSourcesBuildPhase section */
		D51B75041F9CB6D900223477 /* Sources */ = {
			isa = PBXSourcesBuildPhase;
			buildActionMask = 2147483647;
			files = (
				D5A10BD21FDD5D28005B7474 /* RemoteResourceViewController.swift in Sources */,
				D57A99C21FDE67DF00C7BBCB /* ExampleGalleryViewController.swift in Sources */,
				D557BADB1F9D7A7C0006E5F9 /* ImageCell.swift in Sources */,
				D5A10BC91FDD5104005B7474 /* ImagesFlowLayout.swift in Sources */,
				D557BAD71F9D7A120006E5F9 /* LocalResourceViewController.swift in Sources */,
				D5A10BCE1FDD5BCB005B7474 /* UIImage+Random.swift in Sources */,
				D5A10BD81FDD677E005B7474 /* UIImageView+Downloader.swift in Sources */,
				D51B750C1F9CB6D900223477 /* AppDelegate.swift in Sources */,
				D5A10BCC1FDD5BB7005B7474 /* Int+Random.swift in Sources */,
				D575D5041F9CBC55004E0894 /* ExampleViewController.swift in Sources */,
				D5A10BD41FDD5FB0005B7474 /* URL+Random.swift in Sources */,
			);
			runOnlyForDeploymentPostprocessing = 0;
		};
		D51B75181F9CB6DA00223477 /* Sources */ = {
			isa = PBXSourcesBuildPhase;
			buildActionMask = 2147483647;
			files = (
				D51B75211F9CB6DA00223477 /* UbudExampleTests.swift in Sources */,
			);
			runOnlyForDeploymentPostprocessing = 0;
		};
		D5D3BF631FDE979A00C70477 /* Sources */ = {
			isa = PBXSourcesBuildPhase;
			buildActionMask = 2147483647;
			files = (
				D5D3BF6A1FDE979A00C70477 /* UbudExampleUITests.swift in Sources */,
			);
			runOnlyForDeploymentPostprocessing = 0;
		};
/* End PBXSourcesBuildPhase section */

/* Begin PBXTargetDependency section */
		D51B751E1F9CB6DA00223477 /* PBXTargetDependency */ = {
			isa = PBXTargetDependency;
			target = D51B75071F9CB6D900223477 /* Ubud-Example */;
			targetProxy = D51B751D1F9CB6DA00223477 /* PBXContainerItemProxy */;
		};
		D5D3BF6D1FDE979A00C70477 /* PBXTargetDependency */ = {
			isa = PBXTargetDependency;
			target = D51B75071F9CB6D900223477 /* Ubud-Example */;
			targetProxy = D5D3BF6C1FDE979A00C70477 /* PBXContainerItemProxy */;
		};
/* End PBXTargetDependency section */

/* Begin PBXVariantGroup section */
		D51B75141F9CB6D900223477 /* LaunchScreen.storyboard */ = {
			isa = PBXVariantGroup;
			children = (
				D51B75151F9CB6D900223477 /* Base */,
			);
			name = LaunchScreen.storyboard;
			sourceTree = "<group>";
		};
/* End PBXVariantGroup section */

/* Begin XCBuildConfiguration section */
		D51B75231F9CB6DA00223477 /* Debug */ = {
			isa = XCBuildConfiguration;
			buildSettings = {
				ALWAYS_SEARCH_USER_PATHS = NO;
				CLANG_ANALYZER_NONNULL = YES;
				CLANG_ANALYZER_NUMBER_OBJECT_CONVERSION = YES_AGGRESSIVE;
				CLANG_CXX_LANGUAGE_STANDARD = "gnu++14";
				CLANG_CXX_LIBRARY = "libc++";
				CLANG_ENABLE_MODULES = YES;
				CLANG_ENABLE_OBJC_ARC = YES;
				CLANG_WARN_BLOCK_CAPTURE_AUTORELEASING = YES;
				CLANG_WARN_BOOL_CONVERSION = YES;
				CLANG_WARN_COMMA = YES;
				CLANG_WARN_CONSTANT_CONVERSION = YES;
				CLANG_WARN_DIRECT_OBJC_ISA_USAGE = YES_ERROR;
				CLANG_WARN_DOCUMENTATION_COMMENTS = YES;
				CLANG_WARN_EMPTY_BODY = YES;
				CLANG_WARN_ENUM_CONVERSION = YES;
				CLANG_WARN_INFINITE_RECURSION = YES;
				CLANG_WARN_INT_CONVERSION = YES;
				CLANG_WARN_NON_LITERAL_NULL_CONVERSION = YES;
				CLANG_WARN_OBJC_LITERAL_CONVERSION = YES;
				CLANG_WARN_OBJC_ROOT_CLASS = YES_ERROR;
				CLANG_WARN_RANGE_LOOP_ANALYSIS = YES;
				CLANG_WARN_STRICT_PROTOTYPES = YES;
				CLANG_WARN_SUSPICIOUS_MOVE = YES;
				CLANG_WARN_UNGUARDED_AVAILABILITY = YES_AGGRESSIVE;
				CLANG_WARN_UNREACHABLE_CODE = YES;
				CLANG_WARN__DUPLICATE_METHOD_MATCH = YES;
				CODE_SIGN_IDENTITY = "iPhone Developer";
				COPY_PHASE_STRIP = NO;
				DEBUG_INFORMATION_FORMAT = dwarf;
				ENABLE_STRICT_OBJC_MSGSEND = YES;
				ENABLE_TESTABILITY = YES;
				GCC_C_LANGUAGE_STANDARD = gnu11;
				GCC_DYNAMIC_NO_PIC = NO;
				GCC_NO_COMMON_BLOCKS = YES;
				GCC_OPTIMIZATION_LEVEL = 0;
				GCC_PREPROCESSOR_DEFINITIONS = (
					"DEBUG=1",
					"$(inherited)",
				);
				GCC_WARN_64_TO_32_BIT_CONVERSION = YES;
				GCC_WARN_ABOUT_RETURN_TYPE = YES_ERROR;
				GCC_WARN_UNDECLARED_SELECTOR = YES;
				GCC_WARN_UNINITIALIZED_AUTOS = YES_AGGRESSIVE;
				GCC_WARN_UNUSED_FUNCTION = YES;
				GCC_WARN_UNUSED_VARIABLE = YES;
				IPHONEOS_DEPLOYMENT_TARGET = 9.0;
				MTL_ENABLE_DEBUG_INFO = YES;
				ONLY_ACTIVE_ARCH = YES;
				SDKROOT = iphoneos;
				SWIFT_ACTIVE_COMPILATION_CONDITIONS = DEBUG;
				SWIFT_OPTIMIZATION_LEVEL = "-Onone";
				SWIFT_VERSION = 4.0;
			};
			name = Debug;
		};
		D51B75241F9CB6DA00223477 /* Release */ = {
			isa = XCBuildConfiguration;
			buildSettings = {
				ALWAYS_SEARCH_USER_PATHS = NO;
				CLANG_ANALYZER_NONNULL = YES;
				CLANG_ANALYZER_NUMBER_OBJECT_CONVERSION = YES_AGGRESSIVE;
				CLANG_CXX_LANGUAGE_STANDARD = "gnu++14";
				CLANG_CXX_LIBRARY = "libc++";
				CLANG_ENABLE_MODULES = YES;
				CLANG_ENABLE_OBJC_ARC = YES;
				CLANG_WARN_BLOCK_CAPTURE_AUTORELEASING = YES;
				CLANG_WARN_BOOL_CONVERSION = YES;
				CLANG_WARN_COMMA = YES;
				CLANG_WARN_CONSTANT_CONVERSION = YES;
				CLANG_WARN_DIRECT_OBJC_ISA_USAGE = YES_ERROR;
				CLANG_WARN_DOCUMENTATION_COMMENTS = YES;
				CLANG_WARN_EMPTY_BODY = YES;
				CLANG_WARN_ENUM_CONVERSION = YES;
				CLANG_WARN_INFINITE_RECURSION = YES;
				CLANG_WARN_INT_CONVERSION = YES;
				CLANG_WARN_NON_LITERAL_NULL_CONVERSION = YES;
				CLANG_WARN_OBJC_LITERAL_CONVERSION = YES;
				CLANG_WARN_OBJC_ROOT_CLASS = YES_ERROR;
				CLANG_WARN_RANGE_LOOP_ANALYSIS = YES;
				CLANG_WARN_STRICT_PROTOTYPES = YES;
				CLANG_WARN_SUSPICIOUS_MOVE = YES;
				CLANG_WARN_UNGUARDED_AVAILABILITY = YES_AGGRESSIVE;
				CLANG_WARN_UNREACHABLE_CODE = YES;
				CLANG_WARN__DUPLICATE_METHOD_MATCH = YES;
				CODE_SIGN_IDENTITY = "iPhone Developer";
				COPY_PHASE_STRIP = NO;
				DEBUG_INFORMATION_FORMAT = "dwarf-with-dsym";
				ENABLE_NS_ASSERTIONS = NO;
				ENABLE_STRICT_OBJC_MSGSEND = YES;
				GCC_C_LANGUAGE_STANDARD = gnu11;
				GCC_NO_COMMON_BLOCKS = YES;
				GCC_WARN_64_TO_32_BIT_CONVERSION = YES;
				GCC_WARN_ABOUT_RETURN_TYPE = YES_ERROR;
				GCC_WARN_UNDECLARED_SELECTOR = YES;
				GCC_WARN_UNINITIALIZED_AUTOS = YES_AGGRESSIVE;
				GCC_WARN_UNUSED_FUNCTION = YES;
				GCC_WARN_UNUSED_VARIABLE = YES;
				IPHONEOS_DEPLOYMENT_TARGET = 9.0;
				MTL_ENABLE_DEBUG_INFO = NO;
				SDKROOT = iphoneos;
				SWIFT_OPTIMIZATION_LEVEL = "-Owholemodule";
				SWIFT_VERSION = 4.0;
				VALIDATE_PRODUCT = YES;
			};
			name = Release;
		};
		D51B75261F9CB6DA00223477 /* Debug */ = {
			isa = XCBuildConfiguration;
			baseConfigurationReference = 1FFA4843E7C1A659F57BCF9A /* Pods-Ubud-Example.debug.xcconfig */;
			buildSettings = {
				ASSETCATALOG_COMPILER_APPICON_NAME = AppIcon;
				CODE_SIGN_STYLE = Manual;
				DEVELOPMENT_TEAM = "";
				INFOPLIST_FILE = "Ubud-Example/Resource/Info.plist";
				IPHONEOS_DEPLOYMENT_TARGET = 9.0;
				LD_RUNPATH_SEARCH_PATHS = "$(inherited) @executable_path/Frameworks";
				PRODUCT_BUNDLE_IDENTIFIER = "me.luqmanfauzi.Ubud-Example";
				PRODUCT_NAME = "$(TARGET_NAME)";
				PROVISIONING_PROFILE_SPECIFIER = "";
				SWIFT_VERSION = 4.0;
				TARGETED_DEVICE_FAMILY = "1,2";
			};
			name = Debug;
		};
		D51B75271F9CB6DA00223477 /* Release */ = {
			isa = XCBuildConfiguration;
			baseConfigurationReference = ADD175E07FECF218C0993616 /* Pods-Ubud-Example.release.xcconfig */;
			buildSettings = {
				ASSETCATALOG_COMPILER_APPICON_NAME = AppIcon;
				CODE_SIGN_STYLE = Manual;
				DEVELOPMENT_TEAM = "";
				INFOPLIST_FILE = "Ubud-Example/Resource/Info.plist";
				IPHONEOS_DEPLOYMENT_TARGET = 9.0;
				LD_RUNPATH_SEARCH_PATHS = "$(inherited) @executable_path/Frameworks";
				PRODUCT_BUNDLE_IDENTIFIER = "me.luqmanfauzi.Ubud-Example";
				PRODUCT_NAME = "$(TARGET_NAME)";
				PROVISIONING_PROFILE_SPECIFIER = "";
				SWIFT_VERSION = 4.0;
				TARGETED_DEVICE_FAMILY = "1,2";
			};
			name = Release;
		};
		D51B75291F9CB6DA00223477 /* Debug */ = {
			isa = XCBuildConfiguration;
			baseConfigurationReference = 98037308DE9C2FE6F96AE3EC /* Pods-Ubud-ExampleTests.debug.xcconfig */;
			buildSettings = {
				ALWAYS_EMBED_SWIFT_STANDARD_LIBRARIES = YES;
				BUNDLE_LOADER = "$(TEST_HOST)";
				CODE_SIGN_STYLE = Manual;
				DEVELOPMENT_TEAM = "";
				INFOPLIST_FILE = "Ubud-ExampleTests/Info.plist";
				LD_RUNPATH_SEARCH_PATHS = "$(inherited) @executable_path/Frameworks @loader_path/Frameworks";
				PRODUCT_BUNDLE_IDENTIFIER = "me.luqmanfauzi.Ubud-ExampleTests";
				PRODUCT_NAME = UbudExample;
				PROVISIONING_PROFILE_SPECIFIER = "";
				SWIFT_VERSION = 4.0;
				TARGETED_DEVICE_FAMILY = "1,2";
				TEST_HOST = "$(BUILT_PRODUCTS_DIR)/Ubud-Example.app/Ubud-Example";
			};
			name = Debug;
		};
		D51B752A1F9CB6DA00223477 /* Release */ = {
			isa = XCBuildConfiguration;
			baseConfigurationReference = E7B2ECF4997AF86F06A59A1C /* Pods-Ubud-ExampleTests.release.xcconfig */;
			buildSettings = {
				ALWAYS_EMBED_SWIFT_STANDARD_LIBRARIES = YES;
				BUNDLE_LOADER = "$(TEST_HOST)";
				CODE_SIGN_STYLE = Manual;
				DEVELOPMENT_TEAM = "";
				INFOPLIST_FILE = "Ubud-ExampleTests/Info.plist";
				LD_RUNPATH_SEARCH_PATHS = "$(inherited) @executable_path/Frameworks @loader_path/Frameworks";
				PRODUCT_BUNDLE_IDENTIFIER = "me.luqmanfauzi.Ubud-ExampleTests";
				PRODUCT_NAME = UbudExample;
				PROVISIONING_PROFILE_SPECIFIER = "";
				SWIFT_VERSION = 4.0;
				TARGETED_DEVICE_FAMILY = "1,2";
				TEST_HOST = "$(BUILT_PRODUCTS_DIR)/Ubud-Example.app/Ubud-Example";
			};
			name = Release;
		};
		D5D3BF6F1FDE979A00C70477 /* Debug */ = {
			isa = XCBuildConfiguration;
			baseConfigurationReference = FB5DF4F1C2BBA459756937D3 /* Pods-Ubud-ExampleUITests.debug.xcconfig */;
			buildSettings = {
				CODE_SIGN_STYLE = Manual;
				DEVELOPMENT_TEAM = "";
				INFOPLIST_FILE = "Ubud-ExampleUITests/Info.plist";
				IPHONEOS_DEPLOYMENT_TARGET = 11.2;
				LD_RUNPATH_SEARCH_PATHS = "$(inherited) @executable_path/Frameworks @loader_path/Frameworks";
				PRODUCT_BUNDLE_IDENTIFIER = "me.luqmanfauzi.Ubud-ExampleUITests";
				PRODUCT_NAME = "$(TARGET_NAME)";
				PROVISIONING_PROFILE_SPECIFIER = "";
				SWIFT_VERSION = 4.0;
				TARGETED_DEVICE_FAMILY = "1,2";
				TEST_TARGET_NAME = "Ubud-Example";
			};
			name = Debug;
		};
		D5D3BF701FDE979A00C70477 /* Release */ = {
			isa = XCBuildConfiguration;
			baseConfigurationReference = E61C2086B4E0258DEA8157F1 /* Pods-Ubud-ExampleUITests.release.xcconfig */;
			buildSettings = {
				CODE_SIGN_STYLE = Manual;
				DEVELOPMENT_TEAM = "";
				INFOPLIST_FILE = "Ubud-ExampleUITests/Info.plist";
				IPHONEOS_DEPLOYMENT_TARGET = 11.2;
				LD_RUNPATH_SEARCH_PATHS = "$(inherited) @executable_path/Frameworks @loader_path/Frameworks";
				PRODUCT_BUNDLE_IDENTIFIER = "me.luqmanfauzi.Ubud-ExampleUITests";
				PRODUCT_NAME = "$(TARGET_NAME)";
				PROVISIONING_PROFILE_SPECIFIER = "";
				SWIFT_VERSION = 4.0;
				TARGETED_DEVICE_FAMILY = "1,2";
				TEST_TARGET_NAME = "Ubud-Example";
			};
			name = Release;
		};
/* End XCBuildConfiguration section */

/* Begin XCConfigurationList section */
		D51B75031F9CB6D900223477 /* Build configuration list for PBXProject "Ubud-Example" */ = {
			isa = XCConfigurationList;
			buildConfigurations = (
				D51B75231F9CB6DA00223477 /* Debug */,
				D51B75241F9CB6DA00223477 /* Release */,
			);
			defaultConfigurationIsVisible = 0;
			defaultConfigurationName = Release;
		};
		D51B75251F9CB6DA00223477 /* Build configuration list for PBXNativeTarget "Ubud-Example" */ = {
			isa = XCConfigurationList;
			buildConfigurations = (
				D51B75261F9CB6DA00223477 /* Debug */,
				D51B75271F9CB6DA00223477 /* Release */,
			);
			defaultConfigurationIsVisible = 0;
			defaultConfigurationName = Release;
		};
		D51B75281F9CB6DA00223477 /* Build configuration list for PBXNativeTarget "Ubud-ExampleTests" */ = {
			isa = XCConfigurationList;
			buildConfigurations = (
				D51B75291F9CB6DA00223477 /* Debug */,
				D51B752A1F9CB6DA00223477 /* Release */,
			);
			defaultConfigurationIsVisible = 0;
			defaultConfigurationName = Release;
		};
		D5D3BF6E1FDE979A00C70477 /* Build configuration list for PBXNativeTarget "Ubud-ExampleUITests" */ = {
			isa = XCConfigurationList;
			buildConfigurations = (
				D5D3BF6F1FDE979A00C70477 /* Debug */,
				D5D3BF701FDE979A00C70477 /* Release */,
			);
			defaultConfigurationIsVisible = 0;
			defaultConfigurationName = Release;
		};
/* End XCConfigurationList section */
	};
	rootObject = D51B75001F9CB6D900223477 /* Project object */;
}
